// !$*UTF8*$!
{
	archiveVersion = 1;
	classes = {
	};
	objectVersion = 48;
	objects = {

/* Begin PBXBuildFile section */
		C795DE4320271902001CC4C3 /* AppCore.framework in Frameworks */ = {isa = PBXBuildFile; fileRef = C795DE4220271902001CC4C3 /* AppCore.framework */; };
		C795DE4420271902001CC4C3 /* AppCore.framework in Embed Frameworks */ = {isa = PBXBuildFile; fileRef = C795DE4220271902001CC4C3 /* AppCore.framework */; settings = {ATTRIBUTES = (CodeSignOnCopy, RemoveHeadersOnCopy, ); }; };
		C795DE4B20271BD6001CC4C3 /* LocationManager.swift in Sources */ = {isa = PBXBuildFile; fileRef = C795DE4A20271BD6001CC4C3 /* LocationManager.swift */; };
		C795DE4F20272BFA001CC4C3 /* PastRunsViewController.swift in Sources */ = {isa = PBXBuildFile; fileRef = C795DE4E20272BFA001CC4C3 /* PastRunsViewController.swift */; };
		C7BF92E92026229C00D188A6 /* AppDelegate.swift in Sources */ = {isa = PBXBuildFile; fileRef = C7BF92E82026229C00D188A6 /* AppDelegate.swift */; };
		C7BF92EE2026229C00D188A6 /* Main.storyboard in Resources */ = {isa = PBXBuildFile; fileRef = C7BF92EC2026229C00D188A6 /* Main.storyboard */; };
		C7BF92F02026229C00D188A6 /* Assets.xcassets in Resources */ = {isa = PBXBuildFile; fileRef = C7BF92EF2026229C00D188A6 /* Assets.xcassets */; };
		C7BF92F32026229C00D188A6 /* LaunchScreen.storyboard in Resources */ = {isa = PBXBuildFile; fileRef = C7BF92F12026229C00D188A6 /* LaunchScreen.storyboard */; };
		C7D32FDE2027109C00CB685E /* RunDetailsViewController.swift in Sources */ = {isa = PBXBuildFile; fileRef = C7D32FDC2027109C00CB685E /* RunDetailsViewController.swift */; };
		C7D32FE2202710A500CB685E /* Runner.xcdatamodeld in Sources */ = {isa = PBXBuildFile; fileRef = C7D32FDF202710A500CB685E /* Runner.xcdatamodeld */; };
		C7D32FE3202710A500CB685E /* CoreDataStack.swift in Sources */ = {isa = PBXBuildFile; fileRef = C7D32FE1202710A500CB685E /* CoreDataStack.swift */; };
		C7D32FE5202710C000CB685E /* StoryboardSupport.swift in Sources */ = {isa = PBXBuildFile; fileRef = C7D32FE4202710C000CB685E /* StoryboardSupport.swift */; };
		C7D32FE7202710E200CB685E /* NewRunViewController.swift in Sources */ = {isa = PBXBuildFile; fileRef = C7D32FE6202710E200CB685E /* NewRunViewController.swift */; };
/* End PBXBuildFile section */

/* Begin PBXCopyFilesBuildPhase section */
		C795DE4520271902001CC4C3 /* Embed Frameworks */ = {
			isa = PBXCopyFilesBuildPhase;
			buildActionMask = 2147483647;
			dstPath = "";
			dstSubfolderSpec = 10;
			files = (
				C795DE4420271902001CC4C3 /* AppCore.framework in Embed Frameworks */,
			);
			name = "Embed Frameworks";
			runOnlyForDeploymentPostprocessing = 0;
		};
/* End PBXCopyFilesBuildPhase section */

/* Begin PBXFileReference section */
		C795DE4220271902001CC4C3 /* AppCore.framework */ = {isa = PBXFileReference; explicitFileType = wrapper.framework; path = AppCore.framework; sourceTree = BUILT_PRODUCTS_DIR; };
		C795DE4A20271BD6001CC4C3 /* LocationManager.swift */ = {isa = PBXFileReference; lastKnownFileType = sourcecode.swift; path = LocationManager.swift; sourceTree = "<group>"; };
		C795DE4E20272BFA001CC4C3 /* PastRunsViewController.swift */ = {isa = PBXFileReference; lastKnownFileType = sourcecode.swift; path = PastRunsViewController.swift; sourceTree = "<group>"; };
		C7BF92E52026229C00D188A6 /* WorldLocationTracking.app */ = {isa = PBXFileReference; explicitFileType = wrapper.application; includeInIndex = 0; path = WorldLocationTracking.app; sourceTree = BUILT_PRODUCTS_DIR; };
		C7BF92E82026229C00D188A6 /* AppDelegate.swift */ = {isa = PBXFileReference; lastKnownFileType = sourcecode.swift; path = AppDelegate.swift; sourceTree = "<group>"; };
		C7BF92ED2026229C00D188A6 /* Base */ = {isa = PBXFileReference; lastKnownFileType = file.storyboard; name = Base; path = Base.lproj/Main.storyboard; sourceTree = "<group>"; };
		C7BF92EF2026229C00D188A6 /* Assets.xcassets */ = {isa = PBXFileReference; lastKnownFileType = folder.assetcatalog; path = Assets.xcassets; sourceTree = "<group>"; };
		C7BF92F22026229C00D188A6 /* Base */ = {isa = PBXFileReference; lastKnownFileType = file.storyboard; name = Base; path = Base.lproj/LaunchScreen.storyboard; sourceTree = "<group>"; };
		C7BF92F42026229C00D188A6 /* Info.plist */ = {isa = PBXFileReference; lastKnownFileType = text.plist.xml; path = Info.plist; sourceTree = "<group>"; };
		C7D32FDC2027109C00CB685E /* RunDetailsViewController.swift */ = {isa = PBXFileReference; fileEncoding = 4; lastKnownFileType = sourcecode.swift; path = RunDetailsViewController.swift; sourceTree = "<group>"; };
		C7D32FE0202710A500CB685E /* MoonRunner.xcdatamodel */ = {isa = PBXFileReference; lastKnownFileType = wrapper.xcdatamodel; path = MoonRunner.xcdatamodel; sourceTree = "<group>"; };
		C7D32FE1202710A500CB685E /* CoreDataStack.swift */ = {isa = PBXFileReference; fileEncoding = 4; lastKnownFileType = sourcecode.swift; path = CoreDataStack.swift; sourceTree = "<group>"; };
		C7D32FE4202710C000CB685E /* StoryboardSupport.swift */ = {isa = PBXFileReference; fileEncoding = 4; lastKnownFileType = sourcecode.swift; path = StoryboardSupport.swift; sourceTree = "<group>"; };
		C7D32FE6202710E200CB685E /* NewRunViewController.swift */ = {isa = PBXFileReference; fileEncoding = 4; lastKnownFileType = sourcecode.swift; path = NewRunViewController.swift; sourceTree = "<group>"; };
/* End PBXFileReference section */

/* Begin PBXFrameworksBuildPhase section */
		C7BF92E22026229C00D188A6 /* Frameworks */ = {
			isa = PBXFrameworksBuildPhase;
			buildActionMask = 2147483647;
			files = (
				C795DE4320271902001CC4C3 /* AppCore.framework in Frameworks */,
			);
			runOnlyForDeploymentPostprocessing = 0;
		};
/* End PBXFrameworksBuildPhase section */

/* Begin PBXGroup section */
		C7BF92DC2026229C00D188A6 = {
			isa = PBXGroup;
			children = (
				C795DE4220271902001CC4C3 /* AppCore.framework */,
				C7BF92E72026229C00D188A6 /* WorldLocationTracking */,
				C7BF92E62026229C00D188A6 /* Products */,
			);
			sourceTree = "<group>";
		};
		C7BF92E62026229C00D188A6 /* Products */ = {
			isa = PBXGroup;
			children = (
				C7BF92E52026229C00D188A6 /* WorldLocationTracking.app */,
			);
			name = Products;
			sourceTree = "<group>";
		};
		C7BF92E72026229C00D188A6 /* WorldLocationTracking */ = {
			isa = PBXGroup;
			children = (
				C7D32FDA20270F7A00CB685E /* Controllers */,
				C7D32FD920270EE200CB685E /* Utilities */,
				C7D32FD820270E4500CB685E /* Core Data */,
				C7BF92EC2026229C00D188A6 /* Main.storyboard */,
				C7BF92EF2026229C00D188A6 /* Assets.xcassets */,
				C7BF92F12026229C00D188A6 /* LaunchScreen.storyboard */,
				C7BF92F42026229C00D188A6 /* Info.plist */,
			);
			path = WorldLocationTracking;
			sourceTree = "<group>";
		};
		C7D32FD820270E4500CB685E /* Core Data */ = {
			isa = PBXGroup;
			children = (
				C7D32FE1202710A500CB685E /* CoreDataStack.swift */,
				C7D32FDF202710A500CB685E /* Runner.xcdatamodeld */,
			);
			path = "Core Data";
			sourceTree = "<group>";
		};
		C7D32FD920270EE200CB685E /* Utilities */ = {
			isa = PBXGroup;
			children = (
				C7D32FE4202710C000CB685E /* StoryboardSupport.swift */,
				C795DE4A20271BD6001CC4C3 /* LocationManager.swift */,
			);
			path = Utilities;
			sourceTree = "<group>";
		};
		C7D32FDA20270F7A00CB685E /* Controllers */ = {
			isa = PBXGroup;
			children = (
				C7BF92E82026229C00D188A6 /* AppDelegate.swift */,
				C7D32FE6202710E200CB685E /* NewRunViewController.swift */,
				C7D32FDC2027109C00CB685E /* RunDetailsViewController.swift */,
				C795DE4E20272BFA001CC4C3 /* PastRunsViewController.swift */,
			);
			path = Controllers;
			sourceTree = "<group>";
		};
/* End PBXGroup section */

/* Begin PBXNativeTarget section */
		C7BF92E42026229C00D188A6 /* WorldLocationTracking */ = {
			isa = PBXNativeTarget;
			buildConfigurationList = C7BF92F72026229C00D188A6 /* Build configuration list for PBXNativeTarget "WorldLocationTracking" */;
			buildPhases = (
				C7BF92E12026229C00D188A6 /* Sources */,
				C7BF92E22026229C00D188A6 /* Frameworks */,
				C7BF92E32026229C00D188A6 /* Resources */,
				C795DE4520271902001CC4C3 /* Embed Frameworks */,
			);
			buildRules = (
			);
			dependencies = (
			);
			name = WorldLocationTracking;
			productName = WorldLocationTracking;
			productReference = C7BF92E52026229C00D188A6 /* WorldLocationTracking.app */;
			productType = "com.apple.product-type.application";
		};
/* End PBXNativeTarget section */

/* Begin PBXProject section */
		C7BF92DD2026229C00D188A6 /* Project object */ = {
			isa = PBXProject;
			attributes = {
				LastSwiftUpdateCheck = 0920;
				LastUpgradeCheck = 0920;
				ORGANIZATIONNAME = "Geo Games";
				TargetAttributes = {
					C7BF92E42026229C00D188A6 = {
						CreatedOnToolsVersion = 9.2;
						ProvisioningStyle = Automatic;
						SystemCapabilities = {
							com.apple.BackgroundModes = {
								enabled = 1;
							};
						};
					};
				};
			};
			buildConfigurationList = C7BF92E02026229C00D188A6 /* Build configuration list for PBXProject "WorldLocationTracking" */;
			compatibilityVersion = "Xcode 8.0";
			developmentRegion = en;
			hasScannedForEncodings = 0;
			knownRegions = (
				en,
				Base,
			);
			mainGroup = C7BF92DC2026229C00D188A6;
			productRefGroup = C7BF92E62026229C00D188A6 /* Products */;
			projectDirPath = "";
			projectRoot = "";
			targets = (
				C7BF92E42026229C00D188A6 /* WorldLocationTracking */,
			);
		};
/* End PBXProject section */

/* Begin PBXResourcesBuildPhase section */
		C7BF92E32026229C00D188A6 /* Resources */ = {
			isa = PBXResourcesBuildPhase;
			buildActionMask = 2147483647;
			files = (
				C7BF92F32026229C00D188A6 /* LaunchScreen.storyboard in Resources */,
				C7BF92F02026229C00D188A6 /* Assets.xcassets in Resources */,
				C7BF92EE2026229C00D188A6 /* Main.storyboard in Resources */,
			);
			runOnlyForDeploymentPostprocessing = 0;
		};
/* End PBXResourcesBuildPhase section */

/* Begin PBXSourcesBuildPhase section */
		C7BF92E12026229C00D188A6 /* Sources */ = {
			isa = PBXSourcesBuildPhase;
			buildActionMask = 2147483647;
			files = (
				C7BF92E92026229C00D188A6 /* AppDelegate.swift in Sources */,
				C7D32FE2202710A500CB685E /* Runner.xcdatamodeld in Sources */,
				C7D32FE7202710E200CB685E /* NewRunViewController.swift in Sources */,
				C7D32FE3202710A500CB685E /* CoreDataStack.swift in Sources */,
				C795DE4B20271BD6001CC4C3 /* LocationManager.swift in Sources */,
				C7D32FDE2027109C00CB685E /* RunDetailsViewController.swift in Sources */,
				C795DE4F20272BFA001CC4C3 /* PastRunsViewController.swift in Sources */,
				C7D32FE5202710C000CB685E /* StoryboardSupport.swift in Sources */,
			);
			runOnlyForDeploymentPostprocessing = 0;
		};
/* End PBXSourcesBuildPhase section */

/* Begin PBXVariantGroup section */
		C7BF92EC2026229C00D188A6 /* Main.storyboard */ = {
			isa = PBXVariantGroup;
			children = (
				C7BF92ED2026229C00D188A6 /* Base */,
			);
			name = Main.storyboard;
			sourceTree = "<group>";
		};
		C7BF92F12026229C00D188A6 /* LaunchScreen.storyboard */ = {
			isa = PBXVariantGroup;
			children = (
				C7BF92F22026229C00D188A6 /* Base */,
			);
			name = LaunchScreen.storyboard;
			sourceTree = "<group>";
		};
/* End PBXVariantGroup section */

/* Begin XCBuildConfiguration section */
		C7BF92F52026229C00D188A6 /* Debug */ = {
			isa = XCBuildConfiguration;
			buildSettings = {
				ALWAYS_SEARCH_USER_PATHS = NO;
				CLANG_ANALYZER_NONNULL = YES;
				CLANG_ANALYZER_NUMBER_OBJECT_CONVERSION = YES_AGGRESSIVE;
				CLANG_CXX_LANGUAGE_STANDARD = "gnu++14";
				CLANG_CXX_LIBRARY = "libc++";
				CLANG_ENABLE_MODULES = YES;
				CLANG_ENABLE_OBJC_ARC = YES;
				CLANG_WARN_BLOCK_CAPTURE_AUTORELEASING = YES;
				CLANG_WARN_BOOL_CONVERSION = YES;
				CLANG_WARN_COMMA = YES;
				CLANG_WARN_CONSTANT_CONVERSION = YES;
				CLANG_WARN_DIRECT_OBJC_ISA_USAGE = YES_ERROR;
				CLANG_WARN_DOCUMENTATION_COMMENTS = YES;
				CLANG_WARN_EMPTY_BODY = YES;
				CLANG_WARN_ENUM_CONVERSION = YES;
				CLANG_WARN_INFINITE_RECURSION = YES;
				CLANG_WARN_INT_CONVERSION = YES;
				CLANG_WARN_NON_LITERAL_NULL_CONVERSION = YES;
				CLANG_WARN_OBJC_LITERAL_CONVERSION = YES;
				CLANG_WARN_OBJC_ROOT_CLASS = YES_ERROR;
				CLANG_WARN_RANGE_LOOP_ANALYSIS = YES;
				CLANG_WARN_STRICT_PROTOTYPES = YES;
				CLANG_WARN_SUSPICIOUS_MOVE = YES;
				CLANG_WARN_UNGUARDED_AVAILABILITY = YES_AGGRESSIVE;
				CLANG_WARN_UNREACHABLE_CODE = YES;
				CLANG_WARN__DUPLICATE_METHOD_MATCH = YES;
				CODE_SIGN_IDENTITY = "iPhone Developer";
				COPY_PHASE_STRIP = NO;
				DEBUG_INFORMATION_FORMAT = dwarf;
				ENABLE_STRICT_OBJC_MSGSEND = YES;
				ENABLE_TESTABILITY = YES;
				GCC_C_LANGUAGE_STANDARD = gnu11;
				GCC_DYNAMIC_NO_PIC = NO;
				GCC_NO_COMMON_BLOCKS = YES;
				GCC_OPTIMIZATION_LEVEL = 0;
				GCC_PREPROCESSOR_DEFINITIONS = (
					"DEBUG=1",
					"$(inherited)",
				);
				GCC_WARN_64_TO_32_BIT_CONVERSION = YES;
				GCC_WARN_ABOUT_RETURN_TYPE = YES_ERROR;
				GCC_WARN_UNDECLARED_SELECTOR = YES;
				GCC_WARN_UNINITIALIZED_AUTOS = YES_AGGRESSIVE;
				GCC_WARN_UNUSED_FUNCTION = YES;
				GCC_WARN_UNUSED_VARIABLE = YES;
				IPHONEOS_DEPLOYMENT_TARGET = 11.2;
				MTL_ENABLE_DEBUG_INFO = YES;
				ONLY_ACTIVE_ARCH = YES;
				SDKROOT = iphoneos;
				SWIFT_ACTIVE_COMPILATION_CONDITIONS = DEBUG;
				SWIFT_OPTIMIZATION_LEVEL = "-Onone";
			};
			name = Debug;
		};
		C7BF92F62026229C00D188A6 /* Release */ = {
			isa = XCBuildConfiguration;
			buildSettings = {
				ALWAYS_SEARCH_USER_PATHS = NO;
				CLANG_ANALYZER_NONNULL = YES;
				CLANG_ANALYZER_NUMBER_OBJECT_CONVERSION = YES_AGGRESSIVE;
				CLANG_CXX_LANGUAGE_STANDARD = "gnu++14";
				CLANG_CXX_LIBRARY = "libc++";
				CLANG_ENABLE_MODULES = YES;
				CLANG_ENABLE_OBJC_ARC = YES;
				CLANG_WARN_BLOCK_CAPTURE_AUTORELEASING = YES;
				CLANG_WARN_BOOL_CONVERSION = YES;
				CLANG_WARN_COMMA = YES;
				CLANG_WARN_CONSTANT_CONVERSION = YES;
				CLANG_WARN_DIRECT_OBJC_ISA_USAGE = YES_ERROR;
				CLANG_WARN_DOCUMENTATION_COMMENTS = YES;
				CLANG_WARN_EMPTY_BODY = YES;
				CLANG_WARN_ENUM_CONVERSION = YES;
				CLANG_WARN_INFINITE_RECURSION = YES;
				CLANG_WARN_INT_CONVERSION = YES;
				CLANG_WARN_NON_LITERAL_NULL_CONVERSION = YES;
				CLANG_WARN_OBJC_LITERAL_CONVERSION = YES;
				CLANG_WARN_OBJC_ROOT_CLASS = YES_ERROR;
				CLANG_WARN_RANGE_LOOP_ANALYSIS = YES;
				CLANG_WARN_STRICT_PROTOTYPES = YES;
				CLANG_WARN_SUSPICIOUS_MOVE = YES;
				CLANG_WARN_UNGUARDED_AVAILABILITY = YES_AGGRESSIVE;
				CLANG_WARN_UNREACHABLE_CODE = YES;
				CLANG_WARN__DUPLICATE_METHOD_MATCH = YES;
				CODE_SIGN_IDENTITY = "iPhone Developer";
				COPY_PHASE_STRIP = NO;
				DEBUG_INFORMATION_FORMAT = "dwarf-with-dsym";
				ENABLE_NS_ASSERTIONS = NO;
				ENABLE_STRICT_OBJC_MSGSEND = YES;
				GCC_C_LANGUAGE_STANDARD = gnu11;
				GCC_NO_COMMON_BLOCKS = YES;
				GCC_WARN_64_TO_32_BIT_CONVERSION = YES;
				GCC_WARN_ABOUT_RETURN_TYPE = YES_ERROR;
				GCC_WARN_UNDECLARED_SELECTOR = YES;
				GCC_WARN_UNINITIALIZED_AUTOS = YES_AGGRESSIVE;
				GCC_WARN_UNUSED_FUNCTION = YES;
				GCC_WARN_UNUSED_VARIABLE = YES;
				IPHONEOS_DEPLOYMENT_TARGET = 11.2;
				MTL_ENABLE_DEBUG_INFO = NO;
				SDKROOT = iphoneos;
				SWIFT_OPTIMIZATION_LEVEL = "-Owholemodule";
				VALIDATE_PRODUCT = YES;
			};
			name = Release;
		};
		C7BF92F82026229C00D188A6 /* Debug */ = {
			isa = XCBuildConfiguration;
			buildSettings = {
				ASSETCATALOG_COMPILER_APPICON_NAME = AppIcon;
				CODE_SIGN_STYLE = Automatic;
				DEVELOPMENT_TEAM = U28DQFZA3Z;
				INFOPLIST_FILE = WorldLocationTracking/Info.plist;
				LD_RUNPATH_SEARCH_PATHS = "$(inherited) @executable_path/Frameworks";
				PRODUCT_BUNDLE_IDENTIFIER = "com.geo-games.WorldLocationTracking";
				PRODUCT_NAME = "$(TARGET_NAME)";
				SWIFT_VERSION = 4.0;
				TARGETED_DEVICE_FAMILY = "1,2";
			};
			name = Debug;
		};
		C7BF92F92026229C00D188A6 /* Release */ = {
			isa = XCBuildConfiguration;
			buildSettings = {
				ASSETCATALOG_COMPILER_APPICON_NAME = AppIcon;
				CODE_SIGN_STYLE = Automatic;
				DEVELOPMENT_TEAM = U28DQFZA3Z;
				INFOPLIST_FILE = WorldLocationTracking/Info.plist;
				LD_RUNPATH_SEARCH_PATHS = "$(inherited) @executable_path/Frameworks";
				PRODUCT_BUNDLE_IDENTIFIER = "com.geo-games.WorldLocationTracking";
				PRODUCT_NAME = "$(TARGET_NAME)";
				SWIFT_VERSION = 4.0;
				TARGETED_DEVICE_FAMILY = "1,2";
			};
			name = Release;
		};
/* End XCBuildConfiguration section */

/* Begin XCConfigurationList section */
		C7BF92E02026229C00D188A6 /* Build configuration list for PBXProject "WorldLocationTracking" */ = {
			isa = XCConfigurationList;
			buildConfigurations = (
				C7BF92F52026229C00D188A6 /* Debug */,
				C7BF92F62026229C00D188A6 /* Release */,
			);
			defaultConfigurationIsVisible = 0;
			defaultConfigurationName = Release;
		};
		C7BF92F72026229C00D188A6 /* Build configuration list for PBXNativeTarget "WorldLocationTracking" */ = {
			isa = XCConfigurationList;
			buildConfigurations = (
				C7BF92F82026229C00D188A6 /* Debug */,
				C7BF92F92026229C00D188A6 /* Release */,
			);
			defaultConfigurationIsVisible = 0;
			defaultConfigurationName = Release;
		};
/* End XCConfigurationList section */

/* Begin XCVersionGroup section */
		C7D32FDF202710A500CB685E /* Runner.xcdatamodeld */ = {
			isa = XCVersionGroup;
			children = (
				C7D32FE0202710A500CB685E /* MoonRunner.xcdatamodel */,
			);
			currentVersion = C7D32FE0202710A500CB685E /* MoonRunner.xcdatamodel */;
			path = Runner.xcdatamodeld;
			sourceTree = "<group>";
			versionGroupType = wrapper.xcdatamodel;
		};
/* End XCVersionGroup section */
	};
	rootObject = C7BF92DD2026229C00D188A6 /* Project object */;
}
