// !$*UTF8*$!
{
	archiveVersion = 1;
	classes = {
	};
	objectVersion = 48;
	objects = {

/* Begin PBXBuildFile section */
		C71127EF20136F7400FBC479 /* Chameleon.framework in Frameworks */ = {isa = PBXBuildFile; fileRef = C71127EE20136F7400FBC479 /* Chameleon.framework */; };
		C71127F020136F7400FBC479 /* Chameleon.framework in Embed Frameworks */ = {isa = PBXBuildFile; fileRef = C71127EE20136F7400FBC479 /* Chameleon.framework */; settings = {ATTRIBUTES = (CodeSignOnCopy, RemoveHeadersOnCopy, ); }; };
		C71127FA20137CE100FBC479 /* AppCore.framework in Frameworks */ = {isa = PBXBuildFile; fileRef = C71127F920137CE100FBC479 /* AppCore.framework */; };
		C71127FB20137CE100FBC479 /* AppCore.framework in Embed Frameworks */ = {isa = PBXBuildFile; fileRef = C71127F920137CE100FBC479 /* AppCore.framework */; settings = {ATTRIBUTES = (CodeSignOnCopy, RemoveHeadersOnCopy, ); }; };
		C72E67A72013AC9B00EA02E3 /* SeaFood.swift in Sources */ = {isa = PBXBuildFile; fileRef = C72E67A62013AC9B00EA02E3 /* SeaFood.swift */; };
		C7A51FA220136907004E16BD /* AppDelegate.swift in Sources */ = {isa = PBXBuildFile; fileRef = C7A51FA120136907004E16BD /* AppDelegate.swift */; };
		C7A51FA420136907004E16BD /* SeaFoodViewController.swift in Sources */ = {isa = PBXBuildFile; fileRef = C7A51FA320136907004E16BD /* SeaFoodViewController.swift */; };
		C7A51FA720136907004E16BD /* Main.storyboard in Resources */ = {isa = PBXBuildFile; fileRef = C7A51FA520136907004E16BD /* Main.storyboard */; };
		C7A51FA920136907004E16BD /* Assets.xcassets in Resources */ = {isa = PBXBuildFile; fileRef = C7A51FA820136907004E16BD /* Assets.xcassets */; };
		C7A51FAC20136907004E16BD /* LaunchScreen.storyboard in Resources */ = {isa = PBXBuildFile; fileRef = C7A51FAA20136907004E16BD /* LaunchScreen.storyboard */; };
		C7A51FB42013693C004E16BD /* SVProgressHUD.framework in Frameworks */ = {isa = PBXBuildFile; fileRef = C7A51FB32013693C004E16BD /* SVProgressHUD.framework */; };
		C7A51FB52013693C004E16BD /* SVProgressHUD.framework in Embed Frameworks */ = {isa = PBXBuildFile; fileRef = C7A51FB32013693C004E16BD /* SVProgressHUD.framework */; settings = {ATTRIBUTES = (CodeSignOnCopy, RemoveHeadersOnCopy, ); }; };
		C7A51FB8201369B0004E16BD /* VisualRecognitionV3.framework in Frameworks */ = {isa = PBXBuildFile; fileRef = C7A51FB7201369B0004E16BD /* VisualRecognitionV3.framework */; };
		C7A51FB9201369B0004E16BD /* VisualRecognitionV3.framework in Embed Frameworks */ = {isa = PBXBuildFile; fileRef = C7A51FB7201369B0004E16BD /* VisualRecognitionV3.framework */; settings = {ATTRIBUTES = (CodeSignOnCopy, RemoveHeadersOnCopy, ); }; };
/* End PBXBuildFile section */

/* Begin PBXCopyFilesBuildPhase section */
		C7A51FB62013693D004E16BD /* Embed Frameworks */ = {
			isa = PBXCopyFilesBuildPhase;
			buildActionMask = 2147483647;
			dstPath = "";
			dstSubfolderSpec = 10;
			files = (
				C7A51FB52013693C004E16BD /* SVProgressHUD.framework in Embed Frameworks */,
				C7A51FB9201369B0004E16BD /* VisualRecognitionV3.framework in Embed Frameworks */,
				C71127F020136F7400FBC479 /* Chameleon.framework in Embed Frameworks */,
				C71127FB20137CE100FBC479 /* AppCore.framework in Embed Frameworks */,
			);
			name = "Embed Frameworks";
			runOnlyForDeploymentPostprocessing = 0;
		};
/* End PBXCopyFilesBuildPhase section */

/* Begin PBXFileReference section */
		C71127EE20136F7400FBC479 /* Chameleon.framework */ = {isa = PBXFileReference; explicitFileType = wrapper.framework; path = Chameleon.framework; sourceTree = BUILT_PRODUCTS_DIR; };
		C71127F32013744300FBC479 /* AppCore.framework */ = {isa = PBXFileReference; explicitFileType = wrapper.framework; path = AppCore.framework; sourceTree = BUILT_PRODUCTS_DIR; };
		C71127F920137CE100FBC479 /* AppCore.framework */ = {isa = PBXFileReference; explicitFileType = wrapper.framework; path = AppCore.framework; sourceTree = BUILT_PRODUCTS_DIR; };
		C72E67A62013AC9B00EA02E3 /* SeaFood.swift */ = {isa = PBXFileReference; lastKnownFileType = sourcecode.swift; path = SeaFood.swift; sourceTree = "<group>"; };
		C7A51F9E20136907004E16BD /* SeaFood.app */ = {isa = PBXFileReference; explicitFileType = wrapper.application; includeInIndex = 0; path = SeaFood.app; sourceTree = BUILT_PRODUCTS_DIR; };
		C7A51FA120136907004E16BD /* AppDelegate.swift */ = {isa = PBXFileReference; lastKnownFileType = sourcecode.swift; path = AppDelegate.swift; sourceTree = "<group>"; };
		C7A51FA320136907004E16BD /* SeaFoodViewController.swift */ = {isa = PBXFileReference; lastKnownFileType = sourcecode.swift; path = SeaFoodViewController.swift; sourceTree = "<group>"; };
		C7A51FA620136907004E16BD /* Base */ = {isa = PBXFileReference; lastKnownFileType = file.storyboard; name = Base; path = Base.lproj/Main.storyboard; sourceTree = "<group>"; };
		C7A51FA820136907004E16BD /* Assets.xcassets */ = {isa = PBXFileReference; lastKnownFileType = folder.assetcatalog; path = Assets.xcassets; sourceTree = "<group>"; };
		C7A51FAB20136907004E16BD /* Base */ = {isa = PBXFileReference; lastKnownFileType = file.storyboard; name = Base; path = Base.lproj/LaunchScreen.storyboard; sourceTree = "<group>"; };
		C7A51FAD20136907004E16BD /* Info.plist */ = {isa = PBXFileReference; lastKnownFileType = text.plist.xml; path = Info.plist; sourceTree = "<group>"; };
		C7A51FB32013693C004E16BD /* SVProgressHUD.framework */ = {isa = PBXFileReference; explicitFileType = wrapper.framework; path = SVProgressHUD.framework; sourceTree = BUILT_PRODUCTS_DIR; };
		C7A51FB7201369B0004E16BD /* VisualRecognitionV3.framework */ = {isa = PBXFileReference; explicitFileType = wrapper.framework; path = VisualRecognitionV3.framework; sourceTree = BUILT_PRODUCTS_DIR; };
/* End PBXFileReference section */

/* Begin PBXFrameworksBuildPhase section */
		C7A51F9B20136907004E16BD /* Frameworks */ = {
			isa = PBXFrameworksBuildPhase;
			buildActionMask = 2147483647;
			files = (
				C7A51FB42013693C004E16BD /* SVProgressHUD.framework in Frameworks */,
				C7A51FB8201369B0004E16BD /* VisualRecognitionV3.framework in Frameworks */,
				C71127EF20136F7400FBC479 /* Chameleon.framework in Frameworks */,
				C71127FA20137CE100FBC479 /* AppCore.framework in Frameworks */,
			);
			runOnlyForDeploymentPostprocessing = 0;
		};
/* End PBXFrameworksBuildPhase section */

/* Begin PBXGroup section */
		C71127F12013744300FBC479 /* Frameworks */ = {
			isa = PBXGroup;
			children = (
				C71127F32013744300FBC479 /* AppCore.framework */,
			);
			name = Frameworks;
			sourceTree = "<group>";
		};
		C7A51F9520136907004E16BD = {
			isa = PBXGroup;
			children = (
				C71127F920137CE100FBC479 /* AppCore.framework */,
				C71127EE20136F7400FBC479 /* Chameleon.framework */,
				C7A51FB7201369B0004E16BD /* VisualRecognitionV3.framework */,
				C7A51FB32013693C004E16BD /* SVProgressHUD.framework */,
				C7A51FA020136907004E16BD /* SeaFood */,
				C7A51F9F20136907004E16BD /* Products */,
				C71127F12013744300FBC479 /* Frameworks */,
			);
			sourceTree = "<group>";
		};
		C7A51F9F20136907004E16BD /* Products */ = {
			isa = PBXGroup;
			children = (
				C7A51F9E20136907004E16BD /* SeaFood.app */,
			);
			name = Products;
			sourceTree = "<group>";
		};
		C7A51FA020136907004E16BD /* SeaFood */ = {
			isa = PBXGroup;
			children = (
				C7A51FA120136907004E16BD /* AppDelegate.swift */,
				C72E67A62013AC9B00EA02E3 /* SeaFood.swift */,
				C7A51FA320136907004E16BD /* SeaFoodViewController.swift */,
				C7A51FA520136907004E16BD /* Main.storyboard */,
				C7A51FA820136907004E16BD /* Assets.xcassets */,
				C7A51FAA20136907004E16BD /* LaunchScreen.storyboard */,
				C7A51FAD20136907004E16BD /* Info.plist */,
			);
			path = SeaFood;
			sourceTree = "<group>";
		};
/* End PBXGroup section */

/* Begin PBXNativeTarget section */
		C7A51F9D20136907004E16BD /* SeaFood */ = {
			isa = PBXNativeTarget;
			buildConfigurationList = C7A51FB020136907004E16BD /* Build configuration list for PBXNativeTarget "SeaFood" */;
			buildPhases = (
				C7A51F9A20136907004E16BD /* Sources */,
				C7A51F9B20136907004E16BD /* Frameworks */,
				C7A51F9C20136907004E16BD /* Resources */,
				C7A51FB62013693D004E16BD /* Embed Frameworks */,
			);
			buildRules = (
			);
			dependencies = (
			);
			name = SeaFood;
			productName = SeaFood;
			productReference = C7A51F9E20136907004E16BD /* SeaFood.app */;
			productType = "com.apple.product-type.application";
		};
/* End PBXNativeTarget section */

/* Begin PBXProject section */
		C7A51F9620136907004E16BD /* Project object */ = {
			isa = PBXProject;
			attributes = {
				LastSwiftUpdateCheck = 0920;
				LastUpgradeCheck = 0920;
				ORGANIZATIONNAME = "Geo Games";
				TargetAttributes = {
					C7A51F9D20136907004E16BD = {
						CreatedOnToolsVersion = 9.2;
						ProvisioningStyle = Automatic;
					};
				};
			};
			buildConfigurationList = C7A51F9920136907004E16BD /* Build configuration list for PBXProject "SeaFood" */;
			compatibilityVersion = "Xcode 8.0";
			developmentRegion = en;
			hasScannedForEncodings = 0;
			knownRegions = (
				en,
				Base,
			);
			mainGroup = C7A51F9520136907004E16BD;
			productRefGroup = C7A51F9F20136907004E16BD /* Products */;
			projectDirPath = "";
			projectRoot = "";
			targets = (
				C7A51F9D20136907004E16BD /* SeaFood */,
			);
		};
/* End PBXProject section */

/* Begin PBXResourcesBuildPhase section */
		C7A51F9C20136907004E16BD /* Resources */ = {
			isa = PBXResourcesBuildPhase;
			buildActionMask = 2147483647;
			files = (
				C7A51FAC20136907004E16BD /* LaunchScreen.storyboard in Resources */,
				C7A51FA920136907004E16BD /* Assets.xcassets in Resources */,
				C7A51FA720136907004E16BD /* Main.storyboard in Resources */,
			);
			runOnlyForDeploymentPostprocessing = 0;
		};
/* End PBXResourcesBuildPhase section */

/* Begin PBXSourcesBuildPhase section */
		C7A51F9A20136907004E16BD /* Sources */ = {
			isa = PBXSourcesBuildPhase;
			buildActionMask = 2147483647;
			files = (
				C7A51FA420136907004E16BD /* SeaFoodViewController.swift in Sources */,
				C7A51FA220136907004E16BD /* AppDelegate.swift in Sources */,
				C72E67A72013AC9B00EA02E3 /* SeaFood.swift in Sources */,
			);
			runOnlyForDeploymentPostprocessing = 0;
		};
/* End PBXSourcesBuildPhase section */

/* Begin PBXVariantGroup section */
		C7A51FA520136907004E16BD /* Main.storyboard */ = {
			isa = PBXVariantGroup;
			children = (
				C7A51FA620136907004E16BD /* Base */,
			);
			name = Main.storyboard;
			sourceTree = "<group>";
		};
		C7A51FAA20136907004E16BD /* LaunchScreen.storyboard */ = {
			isa = PBXVariantGroup;
			children = (
				C7A51FAB20136907004E16BD /* Base */,
			);
			name = LaunchScreen.storyboard;
			sourceTree = "<group>";
		};
/* End PBXVariantGroup section */

/* Begin XCBuildConfiguration section */
		C7A51FAE20136907004E16BD /* Debug */ = {
			isa = XCBuildConfiguration;
			buildSettings = {
				ALWAYS_SEARCH_USER_PATHS = NO;
				CLANG_ANALYZER_NONNULL = YES;
				CLANG_ANALYZER_NUMBER_OBJECT_CONVERSION = YES_AGGRESSIVE;
				CLANG_CXX_LANGUAGE_STANDARD = "gnu++14";
				CLANG_CXX_LIBRARY = "libc++";
				CLANG_ENABLE_MODULES = YES;
				CLANG_ENABLE_OBJC_ARC = YES;
				CLANG_WARN_BLOCK_CAPTURE_AUTORELEASING = YES;
				CLANG_WARN_BOOL_CONVERSION = YES;
				CLANG_WARN_COMMA = YES;
				CLANG_WARN_CONSTANT_CONVERSION = YES;
				CLANG_WARN_DIRECT_OBJC_ISA_USAGE = YES_ERROR;
				CLANG_WARN_DOCUMENTATION_COMMENTS = YES;
				CLANG_WARN_EMPTY_BODY = YES;
				CLANG_WARN_ENUM_CONVERSION = YES;
				CLANG_WARN_INFINITE_RECURSION = YES;
				CLANG_WARN_INT_CONVERSION = YES;
				CLANG_WARN_NON_LITERAL_NULL_CONVERSION = YES;
				CLANG_WARN_OBJC_LITERAL_CONVERSION = YES;
				CLANG_WARN_OBJC_ROOT_CLASS = YES_ERROR;
				CLANG_WARN_RANGE_LOOP_ANALYSIS = YES;
				CLANG_WARN_STRICT_PROTOTYPES = YES;
				CLANG_WARN_SUSPICIOUS_MOVE = YES;
				CLANG_WARN_UNGUARDED_AVAILABILITY = YES_AGGRESSIVE;
				CLANG_WARN_UNREACHABLE_CODE = YES;
				CLANG_WARN__DUPLICATE_METHOD_MATCH = YES;
				CODE_SIGN_IDENTITY = "iPhone Developer";
				COPY_PHASE_STRIP = NO;
				DEBUG_INFORMATION_FORMAT = dwarf;
				ENABLE_STRICT_OBJC_MSGSEND = YES;
				ENABLE_TESTABILITY = YES;
				GCC_C_LANGUAGE_STANDARD = gnu11;
				GCC_DYNAMIC_NO_PIC = NO;
				GCC_NO_COMMON_BLOCKS = YES;
				GCC_OPTIMIZATION_LEVEL = 0;
				GCC_PREPROCESSOR_DEFINITIONS = (
					"DEBUG=1",
					"$(inherited)",
				);
				GCC_WARN_64_TO_32_BIT_CONVERSION = YES;
				GCC_WARN_ABOUT_RETURN_TYPE = YES_ERROR;
				GCC_WARN_UNDECLARED_SELECTOR = YES;
				GCC_WARN_UNINITIALIZED_AUTOS = YES_AGGRESSIVE;
				GCC_WARN_UNUSED_FUNCTION = YES;
				GCC_WARN_UNUSED_VARIABLE = YES;
				IPHONEOS_DEPLOYMENT_TARGET = 11.2;
				MTL_ENABLE_DEBUG_INFO = YES;
				ONLY_ACTIVE_ARCH = YES;
				SDKROOT = iphoneos;
				SWIFT_ACTIVE_COMPILATION_CONDITIONS = DEBUG;
				SWIFT_OPTIMIZATION_LEVEL = "-Onone";
			};
			name = Debug;
		};
		C7A51FAF20136907004E16BD /* Release */ = {
			isa = XCBuildConfiguration;
			buildSettings = {
				ALWAYS_SEARCH_USER_PATHS = NO;
				CLANG_ANALYZER_NONNULL = YES;
				CLANG_ANALYZER_NUMBER_OBJECT_CONVERSION = YES_AGGRESSIVE;
				CLANG_CXX_LANGUAGE_STANDARD = "gnu++14";
				CLANG_CXX_LIBRARY = "libc++";
				CLANG_ENABLE_MODULES = YES;
				CLANG_ENABLE_OBJC_ARC = YES;
				CLANG_WARN_BLOCK_CAPTURE_AUTORELEASING = YES;
				CLANG_WARN_BOOL_CONVERSION = YES;
				CLANG_WARN_COMMA = YES;
				CLANG_WARN_CONSTANT_CONVERSION = YES;
				CLANG_WARN_DIRECT_OBJC_ISA_USAGE = YES_ERROR;
				CLANG_WARN_DOCUMENTATION_COMMENTS = YES;
				CLANG_WARN_EMPTY_BODY = YES;
				CLANG_WARN_ENUM_CONVERSION = YES;
				CLANG_WARN_INFINITE_RECURSION = YES;
				CLANG_WARN_INT_CONVERSION = YES;
				CLANG_WARN_NON_LITERAL_NULL_CONVERSION = YES;
				CLANG_WARN_OBJC_LITERAL_CONVERSION = YES;
				CLANG_WARN_OBJC_ROOT_CLASS = YES_ERROR;
				CLANG_WARN_RANGE_LOOP_ANALYSIS = YES;
				CLANG_WARN_STRICT_PROTOTYPES = YES;
				CLANG_WARN_SUSPICIOUS_MOVE = YES;
				CLANG_WARN_UNGUARDED_AVAILABILITY = YES_AGGRESSIVE;
				CLANG_WARN_UNREACHABLE_CODE = YES;
				CLANG_WARN__DUPLICATE_METHOD_MATCH = YES;
				CODE_SIGN_IDENTITY = "iPhone Developer";
				COPY_PHASE_STRIP = NO;
				DEBUG_INFORMATION_FORMAT = "dwarf-with-dsym";
				ENABLE_NS_ASSERTIONS = NO;
				ENABLE_STRICT_OBJC_MSGSEND = YES;
				GCC_C_LANGUAGE_STANDARD = gnu11;
				GCC_NO_COMMON_BLOCKS = YES;
				GCC_WARN_64_TO_32_BIT_CONVERSION = YES;
				GCC_WARN_ABOUT_RETURN_TYPE = YES_ERROR;
				GCC_WARN_UNDECLARED_SELECTOR = YES;
				GCC_WARN_UNINITIALIZED_AUTOS = YES_AGGRESSIVE;
				GCC_WARN_UNUSED_FUNCTION = YES;
				GCC_WARN_UNUSED_VARIABLE = YES;
				IPHONEOS_DEPLOYMENT_TARGET = 11.2;
				MTL_ENABLE_DEBUG_INFO = NO;
				SDKROOT = iphoneos;
				SWIFT_OPTIMIZATION_LEVEL = "-Owholemodule";
				VALIDATE_PRODUCT = YES;
			};
			name = Release;
		};
		C7A51FB120136907004E16BD /* Debug */ = {
			isa = XCBuildConfiguration;
			buildSettings = {
				ASSETCATALOG_COMPILER_APPICON_NAME = AppIcon;
				CODE_SIGN_STYLE = Automatic;
				DEVELOPMENT_TEAM = "";
				INFOPLIST_FILE = SeaFood/Info.plist;
				LD_RUNPATH_SEARCH_PATHS = "$(inherited) @executable_path/Frameworks";
				PRODUCT_BUNDLE_IDENTIFIER = "com.geo-games.SeaFood";
				PRODUCT_NAME = "$(TARGET_NAME)";
				SWIFT_VERSION = 4.0;
				TARGETED_DEVICE_FAMILY = "1,2";
			};
			name = Debug;
		};
		C7A51FB220136907004E16BD /* Release */ = {
			isa = XCBuildConfiguration;
			buildSettings = {
				ASSETCATALOG_COMPILER_APPICON_NAME = AppIcon;
				CODE_SIGN_STYLE = Automatic;
				DEVELOPMENT_TEAM = "";
				INFOPLIST_FILE = SeaFood/Info.plist;
				LD_RUNPATH_SEARCH_PATHS = "$(inherited) @executable_path/Frameworks";
				PRODUCT_BUNDLE_IDENTIFIER = "com.geo-games.SeaFood";
				PRODUCT_NAME = "$(TARGET_NAME)";
				SWIFT_VERSION = 4.0;
				TARGETED_DEVICE_FAMILY = "1,2";
			};
			name = Release;
		};
/* End XCBuildConfiguration section */

/* Begin XCConfigurationList section */
		C7A51F9920136907004E16BD /* Build configuration list for PBXProject "SeaFood" */ = {
			isa = XCConfigurationList;
			buildConfigurations = (
				C7A51FAE20136907004E16BD /* Debug */,
				C7A51FAF20136907004E16BD /* Release */,
			);
			defaultConfigurationIsVisible = 0;
			defaultConfigurationName = Release;
		};
		C7A51FB020136907004E16BD /* Build configuration list for PBXNativeTarget "SeaFood" */ = {
			isa = XCConfigurationList;
			buildConfigurations = (
				C7A51FB120136907004E16BD /* Debug */,
				C7A51FB220136907004E16BD /* Release */,
			);
			defaultConfigurationIsVisible = 0;
			defaultConfigurationName = Release;
		};
/* End XCConfigurationList section */
	};
	rootObject = C7A51F9620136907004E16BD /* Project object */;
}
