// !$*UTF8*$!
{
	archiveVersion = 1;
	classes = {
	};
	objectVersion = 48;
	objects = {

/* Begin PBXBuildFile section */
		C7F9E5652025C156005B12DB /* AppDelegate.swift in Sources */ = {isa = PBXBuildFile; fileRef = C7F9E5642025C156005B12DB /* AppDelegate.swift */; };
		C7F9E5672025C156005B12DB /* WorldLocationViewController.swift in Sources */ = {isa = PBXBuildFile; fileRef = C7F9E5662025C156005B12DB /* WorldLocationViewController.swift */; };
		C7F9E56A2025C156005B12DB /* Main.storyboard in Resources */ = {isa = PBXBuildFile; fileRef = C7F9E5682025C156005B12DB /* Main.storyboard */; };
		C7F9E56C2025C156005B12DB /* Assets.xcassets in Resources */ = {isa = PBXBuildFile; fileRef = C7F9E56B2025C156005B12DB /* Assets.xcassets */; };
		C7F9E56F2025C156005B12DB /* LaunchScreen.storyboard in Resources */ = {isa = PBXBuildFile; fileRef = C7F9E56D2025C156005B12DB /* LaunchScreen.storyboard */; };
		C7F9E5782025C231005B12DB /* CoreLocation.framework in Frameworks */ = {isa = PBXBuildFile; fileRef = C7F9E5772025C231005B12DB /* CoreLocation.framework */; };
		C7F9E57A2025C33D005B12DB /* AppCore.framework in Frameworks */ = {isa = PBXBuildFile; fileRef = C7F9E5792025C33D005B12DB /* AppCore.framework */; };
		C7F9E57B2025C33D005B12DB /* AppCore.framework in Embed Frameworks */ = {isa = PBXBuildFile; fileRef = C7F9E5792025C33D005B12DB /* AppCore.framework */; settings = {ATTRIBUTES = (CodeSignOnCopy, RemoveHeadersOnCopy, ); }; };
/* End PBXBuildFile section */

/* Begin PBXCopyFilesBuildPhase section */
		C7F9E57C2025C33E005B12DB /* Embed Frameworks */ = {
			isa = PBXCopyFilesBuildPhase;
			buildActionMask = 2147483647;
			dstPath = "";
			dstSubfolderSpec = 10;
			files = (
				C7F9E57B2025C33D005B12DB /* AppCore.framework in Embed Frameworks */,
			);
			name = "Embed Frameworks";
			runOnlyForDeploymentPostprocessing = 0;
		};
/* End PBXCopyFilesBuildPhase section */

/* Begin PBXFileReference section */
		C7F9E5612025C156005B12DB /* WorldLocation.app */ = {isa = PBXFileReference; explicitFileType = wrapper.application; includeInIndex = 0; path = WorldLocation.app; sourceTree = BUILT_PRODUCTS_DIR; };
		C7F9E5642025C156005B12DB /* AppDelegate.swift */ = {isa = PBXFileReference; lastKnownFileType = sourcecode.swift; path = AppDelegate.swift; sourceTree = "<group>"; };
		C7F9E5662025C156005B12DB /* WorldLocationViewController.swift */ = {isa = PBXFileReference; lastKnownFileType = sourcecode.swift; path = WorldLocationViewController.swift; sourceTree = "<group>"; };
		C7F9E5692025C156005B12DB /* Base */ = {isa = PBXFileReference; lastKnownFileType = file.storyboard; name = Base; path = Base.lproj/Main.storyboard; sourceTree = "<group>"; };
		C7F9E56B2025C156005B12DB /* Assets.xcassets */ = {isa = PBXFileReference; lastKnownFileType = folder.assetcatalog; path = Assets.xcassets; sourceTree = "<group>"; };
		C7F9E56E2025C156005B12DB /* Base */ = {isa = PBXFileReference; lastKnownFileType = file.storyboard; name = Base; path = Base.lproj/LaunchScreen.storyboard; sourceTree = "<group>"; };
		C7F9E5702025C156005B12DB /* Info.plist */ = {isa = PBXFileReference; lastKnownFileType = text.plist.xml; path = Info.plist; sourceTree = "<group>"; };
		C7F9E5772025C231005B12DB /* CoreLocation.framework */ = {isa = PBXFileReference; lastKnownFileType = wrapper.framework; name = CoreLocation.framework; path = System/Library/Frameworks/CoreLocation.framework; sourceTree = SDKROOT; };
		C7F9E5792025C33D005B12DB /* AppCore.framework */ = {isa = PBXFileReference; explicitFileType = wrapper.framework; path = AppCore.framework; sourceTree = BUILT_PRODUCTS_DIR; };
/* End PBXFileReference section */

/* Begin PBXFrameworksBuildPhase section */
		C7F9E55E2025C156005B12DB /* Frameworks */ = {
			isa = PBXFrameworksBuildPhase;
			buildActionMask = 2147483647;
			files = (
				C7F9E5782025C231005B12DB /* CoreLocation.framework in Frameworks */,
				C7F9E57A2025C33D005B12DB /* AppCore.framework in Frameworks */,
			);
			runOnlyForDeploymentPostprocessing = 0;
		};
/* End PBXFrameworksBuildPhase section */

/* Begin PBXGroup section */
		C7F9E5582025C156005B12DB = {
			isa = PBXGroup;
			children = (
				C7F9E5792025C33D005B12DB /* AppCore.framework */,
				C7F9E5632025C156005B12DB /* WorldLocation */,
				C7F9E5622025C156005B12DB /* Products */,
				C7F9E5762025C231005B12DB /* Frameworks */,
			);
			sourceTree = "<group>";
		};
		C7F9E5622025C156005B12DB /* Products */ = {
			isa = PBXGroup;
			children = (
				C7F9E5612025C156005B12DB /* WorldLocation.app */,
			);
			name = Products;
			sourceTree = "<group>";
		};
		C7F9E5632025C156005B12DB /* WorldLocation */ = {
			isa = PBXGroup;
			children = (
				C7F9E5642025C156005B12DB /* AppDelegate.swift */,
				C7F9E5662025C156005B12DB /* WorldLocationViewController.swift */,
				C7F9E5682025C156005B12DB /* Main.storyboard */,
				C7F9E56B2025C156005B12DB /* Assets.xcassets */,
				C7F9E56D2025C156005B12DB /* LaunchScreen.storyboard */,
				C7F9E5702025C156005B12DB /* Info.plist */,
			);
			path = WorldLocation;
			sourceTree = "<group>";
		};
		C7F9E5762025C231005B12DB /* Frameworks */ = {
			isa = PBXGroup;
			children = (
				C7F9E5772025C231005B12DB /* CoreLocation.framework */,
			);
			name = Frameworks;
			sourceTree = "<group>";
		};
/* End PBXGroup section */

/* Begin PBXNativeTarget section */
		C7F9E5602025C156005B12DB /* WorldLocation */ = {
			isa = PBXNativeTarget;
			buildConfigurationList = C7F9E5732025C156005B12DB /* Build configuration list for PBXNativeTarget "WorldLocation" */;
			buildPhases = (
				C7F9E55D2025C156005B12DB /* Sources */,
				C7F9E55E2025C156005B12DB /* Frameworks */,
				C7F9E55F2025C156005B12DB /* Resources */,
				C7F9E57C2025C33E005B12DB /* Embed Frameworks */,
			);
			buildRules = (
			);
			dependencies = (
			);
			name = WorldLocation;
			productName = WorldLocation;
			productReference = C7F9E5612025C156005B12DB /* WorldLocation.app */;
			productType = "com.apple.product-type.application";
		};
/* End PBXNativeTarget section */

/* Begin PBXProject section */
		C7F9E5592025C156005B12DB /* Project object */ = {
			isa = PBXProject;
			attributes = {
				LastSwiftUpdateCheck = 0920;
				LastUpgradeCheck = 0920;
				ORGANIZATIONNAME = "Geo Games";
				TargetAttributes = {
					C7F9E5602025C156005B12DB = {
						CreatedOnToolsVersion = 9.2;
						ProvisioningStyle = Automatic;
					};
				};
			};
			buildConfigurationList = C7F9E55C2025C156005B12DB /* Build configuration list for PBXProject "WorldLocation" */;
			compatibilityVersion = "Xcode 8.0";
			developmentRegion = en;
			hasScannedForEncodings = 0;
			knownRegions = (
				en,
				Base,
			);
			mainGroup = C7F9E5582025C156005B12DB;
			productRefGroup = C7F9E5622025C156005B12DB /* Products */;
			projectDirPath = "";
			projectRoot = "";
			targets = (
				C7F9E5602025C156005B12DB /* WorldLocation */,
			);
		};
/* End PBXProject section */

/* Begin PBXResourcesBuildPhase section */
		C7F9E55F2025C156005B12DB /* Resources */ = {
			isa = PBXResourcesBuildPhase;
			buildActionMask = 2147483647;
			files = (
				C7F9E56F2025C156005B12DB /* LaunchScreen.storyboard in Resources */,
				C7F9E56C2025C156005B12DB /* Assets.xcassets in Resources */,
				C7F9E56A2025C156005B12DB /* Main.storyboard in Resources */,
			);
			runOnlyForDeploymentPostprocessing = 0;
		};
/* End PBXResourcesBuildPhase section */

/* Begin PBXSourcesBuildPhase section */
		C7F9E55D2025C156005B12DB /* Sources */ = {
			isa = PBXSourcesBuildPhase;
			buildActionMask = 2147483647;
			files = (
				C7F9E5672025C156005B12DB /* WorldLocationViewController.swift in Sources */,
				C7F9E5652025C156005B12DB /* AppDelegate.swift in Sources */,
			);
			runOnlyForDeploymentPostprocessing = 0;
		};
/* End PBXSourcesBuildPhase section */

/* Begin PBXVariantGroup section */
		C7F9E5682025C156005B12DB /* Main.storyboard */ = {
			isa = PBXVariantGroup;
			children = (
				C7F9E5692025C156005B12DB /* Base */,
			);
			name = Main.storyboard;
			sourceTree = "<group>";
		};
		C7F9E56D2025C156005B12DB /* LaunchScreen.storyboard */ = {
			isa = PBXVariantGroup;
			children = (
				C7F9E56E2025C156005B12DB /* Base */,
			);
			name = LaunchScreen.storyboard;
			sourceTree = "<group>";
		};
/* End PBXVariantGroup section */

/* Begin XCBuildConfiguration section */
		C7F9E5712025C156005B12DB /* Debug */ = {
			isa = XCBuildConfiguration;
			buildSettings = {
				ALWAYS_SEARCH_USER_PATHS = NO;
				CLANG_ANALYZER_NONNULL = YES;
				CLANG_ANALYZER_NUMBER_OBJECT_CONVERSION = YES_AGGRESSIVE;
				CLANG_CXX_LANGUAGE_STANDARD = "gnu++14";
				CLANG_CXX_LIBRARY = "libc++";
				CLANG_ENABLE_MODULES = YES;
				CLANG_ENABLE_OBJC_ARC = YES;
				CLANG_WARN_BLOCK_CAPTURE_AUTORELEASING = YES;
				CLANG_WARN_BOOL_CONVERSION = YES;
				CLANG_WARN_COMMA = YES;
				CLANG_WARN_CONSTANT_CONVERSION = YES;
				CLANG_WARN_DIRECT_OBJC_ISA_USAGE = YES_ERROR;
				CLANG_WARN_DOCUMENTATION_COMMENTS = YES;
				CLANG_WARN_EMPTY_BODY = YES;
				CLANG_WARN_ENUM_CONVERSION = YES;
				CLANG_WARN_INFINITE_RECURSION = YES;
				CLANG_WARN_INT_CONVERSION = YES;
				CLANG_WARN_NON_LITERAL_NULL_CONVERSION = YES;
				CLANG_WARN_OBJC_LITERAL_CONVERSION = YES;
				CLANG_WARN_OBJC_ROOT_CLASS = YES_ERROR;
				CLANG_WARN_RANGE_LOOP_ANALYSIS = YES;
				CLANG_WARN_STRICT_PROTOTYPES = YES;
				CLANG_WARN_SUSPICIOUS_MOVE = YES;
				CLANG_WARN_UNGUARDED_AVAILABILITY = YES_AGGRESSIVE;
				CLANG_WARN_UNREACHABLE_CODE = YES;
				CLANG_WARN__DUPLICATE_METHOD_MATCH = YES;
				CODE_SIGN_IDENTITY = "iPhone Developer";
				COPY_PHASE_STRIP = NO;
				DEBUG_INFORMATION_FORMAT = dwarf;
				ENABLE_STRICT_OBJC_MSGSEND = YES;
				ENABLE_TESTABILITY = YES;
				GCC_C_LANGUAGE_STANDARD = gnu11;
				GCC_DYNAMIC_NO_PIC = NO;
				GCC_NO_COMMON_BLOCKS = YES;
				GCC_OPTIMIZATION_LEVEL = 0;
				GCC_PREPROCESSOR_DEFINITIONS = (
					"DEBUG=1",
					"$(inherited)",
				);
				GCC_WARN_64_TO_32_BIT_CONVERSION = YES;
				GCC_WARN_ABOUT_RETURN_TYPE = YES_ERROR;
				GCC_WARN_UNDECLARED_SELECTOR = YES;
				GCC_WARN_UNINITIALIZED_AUTOS = YES_AGGRESSIVE;
				GCC_WARN_UNUSED_FUNCTION = YES;
				GCC_WARN_UNUSED_VARIABLE = YES;
				IPHONEOS_DEPLOYMENT_TARGET = 11.2;
				MTL_ENABLE_DEBUG_INFO = YES;
				ONLY_ACTIVE_ARCH = YES;
				SDKROOT = iphoneos;
				SWIFT_ACTIVE_COMPILATION_CONDITIONS = DEBUG;
				SWIFT_OPTIMIZATION_LEVEL = "-Onone";
			};
			name = Debug;
		};
		C7F9E5722025C156005B12DB /* Release */ = {
			isa = XCBuildConfiguration;
			buildSettings = {
				ALWAYS_SEARCH_USER_PATHS = NO;
				CLANG_ANALYZER_NONNULL = YES;
				CLANG_ANALYZER_NUMBER_OBJECT_CONVERSION = YES_AGGRESSIVE;
				CLANG_CXX_LANGUAGE_STANDARD = "gnu++14";
				CLANG_CXX_LIBRARY = "libc++";
				CLANG_ENABLE_MODULES = YES;
				CLANG_ENABLE_OBJC_ARC = YES;
				CLANG_WARN_BLOCK_CAPTURE_AUTORELEASING = YES;
				CLANG_WARN_BOOL_CONVERSION = YES;
				CLANG_WARN_COMMA = YES;
				CLANG_WARN_CONSTANT_CONVERSION = YES;
				CLANG_WARN_DIRECT_OBJC_ISA_USAGE = YES_ERROR;
				CLANG_WARN_DOCUMENTATION_COMMENTS = YES;
				CLANG_WARN_EMPTY_BODY = YES;
				CLANG_WARN_ENUM_CONVERSION = YES;
				CLANG_WARN_INFINITE_RECURSION = YES;
				CLANG_WARN_INT_CONVERSION = YES;
				CLANG_WARN_NON_LITERAL_NULL_CONVERSION = YES;
				CLANG_WARN_OBJC_LITERAL_CONVERSION = YES;
				CLANG_WARN_OBJC_ROOT_CLASS = YES_ERROR;
				CLANG_WARN_RANGE_LOOP_ANALYSIS = YES;
				CLANG_WARN_STRICT_PROTOTYPES = YES;
				CLANG_WARN_SUSPICIOUS_MOVE = YES;
				CLANG_WARN_UNGUARDED_AVAILABILITY = YES_AGGRESSIVE;
				CLANG_WARN_UNREACHABLE_CODE = YES;
				CLANG_WARN__DUPLICATE_METHOD_MATCH = YES;
				CODE_SIGN_IDENTITY = "iPhone Developer";
				COPY_PHASE_STRIP = NO;
				DEBUG_INFORMATION_FORMAT = "dwarf-with-dsym";
				ENABLE_NS_ASSERTIONS = NO;
				ENABLE_STRICT_OBJC_MSGSEND = YES;
				GCC_C_LANGUAGE_STANDARD = gnu11;
				GCC_NO_COMMON_BLOCKS = YES;
				GCC_WARN_64_TO_32_BIT_CONVERSION = YES;
				GCC_WARN_ABOUT_RETURN_TYPE = YES_ERROR;
				GCC_WARN_UNDECLARED_SELECTOR = YES;
				GCC_WARN_UNINITIALIZED_AUTOS = YES_AGGRESSIVE;
				GCC_WARN_UNUSED_FUNCTION = YES;
				GCC_WARN_UNUSED_VARIABLE = YES;
				IPHONEOS_DEPLOYMENT_TARGET = 11.2;
				MTL_ENABLE_DEBUG_INFO = NO;
				SDKROOT = iphoneos;
				SWIFT_OPTIMIZATION_LEVEL = "-Owholemodule";
				VALIDATE_PRODUCT = YES;
			};
			name = Release;
		};
		C7F9E5742025C156005B12DB /* Debug */ = {
			isa = XCBuildConfiguration;
			buildSettings = {
				ASSETCATALOG_COMPILER_APPICON_NAME = AppIcon;
				CODE_SIGN_STYLE = Automatic;
				DEVELOPMENT_TEAM = U28DQFZA3Z;
				INFOPLIST_FILE = WorldLocation/Info.plist;
				LD_RUNPATH_SEARCH_PATHS = "$(inherited) @executable_path/Frameworks";
				PRODUCT_BUNDLE_IDENTIFIER = "com.geo-games.WorldLocation";
				PRODUCT_NAME = "$(TARGET_NAME)";
				SWIFT_VERSION = 4.0;
				TARGETED_DEVICE_FAMILY = "1,2";
			};
			name = Debug;
		};
		C7F9E5752025C156005B12DB /* Release */ = {
			isa = XCBuildConfiguration;
			buildSettings = {
				ASSETCATALOG_COMPILER_APPICON_NAME = AppIcon;
				CODE_SIGN_STYLE = Automatic;
				DEVELOPMENT_TEAM = U28DQFZA3Z;
				INFOPLIST_FILE = WorldLocation/Info.plist;
				LD_RUNPATH_SEARCH_PATHS = "$(inherited) @executable_path/Frameworks";
				PRODUCT_BUNDLE_IDENTIFIER = "com.geo-games.WorldLocation";
				PRODUCT_NAME = "$(TARGET_NAME)";
				SWIFT_VERSION = 4.0;
				TARGETED_DEVICE_FAMILY = "1,2";
			};
			name = Release;
		};
/* End XCBuildConfiguration section */

/* Begin XCConfigurationList section */
		C7F9E55C2025C156005B12DB /* Build configuration list for PBXProject "WorldLocation" */ = {
			isa = XCConfigurationList;
			buildConfigurations = (
				C7F9E5712025C156005B12DB /* Debug */,
				C7F9E5722025C156005B12DB /* Release */,
			);
			defaultConfigurationIsVisible = 0;
			defaultConfigurationName = Release;
		};
		C7F9E5732025C156005B12DB /* Build configuration list for PBXNativeTarget "WorldLocation" */ = {
			isa = XCConfigurationList;
			buildConfigurations = (
				C7F9E5742025C156005B12DB /* Debug */,
				C7F9E5752025C156005B12DB /* Release */,
			);
			defaultConfigurationIsVisible = 0;
			defaultConfigurationName = Release;
		};
/* End XCConfigurationList section */
	};
	rootObject = C7F9E5592025C156005B12DB /* Project object */;
}
