// !$*UTF8*$!
{
	archiveVersion = 1;
	classes = {
	};
	objectVersion = 48;
	objects = {

/* Begin PBXBuildFile section */
		C732F0AE20111F080001DAA0 /* AppDelegate.swift in Sources */ = {isa = PBXBuildFile; fileRef = C732F0AD20111F080001DAA0 /* AppDelegate.swift */; };
		C732F0B020111F080001DAA0 /* SmartCameraViewController.swift in Sources */ = {isa = PBXBuildFile; fileRef = C732F0AF20111F080001DAA0 /* SmartCameraViewController.swift */; };
		C732F0B320111F080001DAA0 /* Main.storyboard in Resources */ = {isa = PBXBuildFile; fileRef = C732F0B120111F080001DAA0 /* Main.storyboard */; };
		C732F0B520111F080001DAA0 /* Assets.xcassets in Resources */ = {isa = PBXBuildFile; fileRef = C732F0B420111F080001DAA0 /* Assets.xcassets */; };
		C732F0B820111F080001DAA0 /* LaunchScreen.storyboard in Resources */ = {isa = PBXBuildFile; fileRef = C732F0B620111F080001DAA0 /* LaunchScreen.storyboard */; };
		C7716246201137C6000C97C3 /* AppCore.framework in Frameworks */ = {isa = PBXBuildFile; fileRef = C7716245201137C6000C97C3 /* AppCore.framework */; };
		C7716247201137C6000C97C3 /* AppCore.framework in Embed Frameworks */ = {isa = PBXBuildFile; fileRef = C7716245201137C6000C97C3 /* AppCore.framework */; settings = {ATTRIBUTES = (CodeSignOnCopy, RemoveHeadersOnCopy, ); }; };
		C771624A20114265000C97C3 /* Resnet50.mlmodel in Sources */ = {isa = PBXBuildFile; fileRef = C771624920114265000C97C3 /* Resnet50.mlmodel */; };
/* End PBXBuildFile section */

/* Begin PBXCopyFilesBuildPhase section */
		C7716248201137C6000C97C3 /* Embed Frameworks */ = {
			isa = PBXCopyFilesBuildPhase;
			buildActionMask = 2147483647;
			dstPath = "";
			dstSubfolderSpec = 10;
			files = (
				C7716247201137C6000C97C3 /* AppCore.framework in Embed Frameworks */,
			);
			name = "Embed Frameworks";
			runOnlyForDeploymentPostprocessing = 0;
		};
/* End PBXCopyFilesBuildPhase section */

/* Begin PBXFileReference section */
		C732F0AA20111F080001DAA0 /* SmartCameraML.app */ = {isa = PBXFileReference; explicitFileType = wrapper.application; includeInIndex = 0; path = SmartCameraML.app; sourceTree = BUILT_PRODUCTS_DIR; };
		C732F0AD20111F080001DAA0 /* AppDelegate.swift */ = {isa = PBXFileReference; lastKnownFileType = sourcecode.swift; path = AppDelegate.swift; sourceTree = "<group>"; };
		C732F0AF20111F080001DAA0 /* SmartCameraViewController.swift */ = {isa = PBXFileReference; lastKnownFileType = sourcecode.swift; path = SmartCameraViewController.swift; sourceTree = "<group>"; };
		C732F0B220111F080001DAA0 /* Base */ = {isa = PBXFileReference; lastKnownFileType = file.storyboard; name = Base; path = Base.lproj/Main.storyboard; sourceTree = "<group>"; };
		C732F0B420111F080001DAA0 /* Assets.xcassets */ = {isa = PBXFileReference; lastKnownFileType = folder.assetcatalog; path = Assets.xcassets; sourceTree = "<group>"; };
		C732F0B720111F080001DAA0 /* Base */ = {isa = PBXFileReference; lastKnownFileType = file.storyboard; name = Base; path = Base.lproj/LaunchScreen.storyboard; sourceTree = "<group>"; };
		C732F0B920111F080001DAA0 /* Info.plist */ = {isa = PBXFileReference; lastKnownFileType = text.plist.xml; path = Info.plist; sourceTree = "<group>"; };
		C7716245201137C6000C97C3 /* AppCore.framework */ = {isa = PBXFileReference; explicitFileType = wrapper.framework; path = AppCore.framework; sourceTree = BUILT_PRODUCTS_DIR; };
		C771624920114265000C97C3 /* Resnet50.mlmodel */ = {isa = PBXFileReference; lastKnownFileType = file.mlmodel; name = Resnet50.mlmodel; path = ../../../MachineLearningModels/Resnet50.mlmodel; sourceTree = "<group>"; };
/* End PBXFileReference section */

/* Begin PBXFrameworksBuildPhase section */
		C732F0A720111F080001DAA0 /* Frameworks */ = {
			isa = PBXFrameworksBuildPhase;
			buildActionMask = 2147483647;
			files = (
				C7716246201137C6000C97C3 /* AppCore.framework in Frameworks */,
			);
			runOnlyForDeploymentPostprocessing = 0;
		};
/* End PBXFrameworksBuildPhase section */

/* Begin PBXGroup section */
		C732F0A120111F080001DAA0 = {
			isa = PBXGroup;
			children = (
				C7716245201137C6000C97C3 /* AppCore.framework */,
				C732F0AC20111F080001DAA0 /* SmartCameraML */,
				C732F0AB20111F080001DAA0 /* Products */,
			);
			sourceTree = "<group>";
		};
		C732F0AB20111F080001DAA0 /* Products */ = {
			isa = PBXGroup;
			children = (
				C732F0AA20111F080001DAA0 /* SmartCameraML.app */,
			);
			name = Products;
			sourceTree = "<group>";
		};
		C732F0AC20111F080001DAA0 /* SmartCameraML */ = {
			isa = PBXGroup;
			children = (
				C771623E201132B7000C97C3 /* MachineLearningModels */,
				C732F0AD20111F080001DAA0 /* AppDelegate.swift */,
				C732F0AF20111F080001DAA0 /* SmartCameraViewController.swift */,
				C732F0B120111F080001DAA0 /* Main.storyboard */,
				C732F0B420111F080001DAA0 /* Assets.xcassets */,
				C732F0B620111F080001DAA0 /* LaunchScreen.storyboard */,
				C732F0B920111F080001DAA0 /* Info.plist */,
			);
			path = SmartCameraML;
			sourceTree = "<group>";
		};
		C771623E201132B7000C97C3 /* MachineLearningModels */ = {
			isa = PBXGroup;
			children = (
				C771624920114265000C97C3 /* Resnet50.mlmodel */,
			);
			path = MachineLearningModels;
			sourceTree = "<group>";
		};
/* End PBXGroup section */

/* Begin PBXNativeTarget section */
		C732F0A920111F080001DAA0 /* SmartCameraML */ = {
			isa = PBXNativeTarget;
			buildConfigurationList = C732F0BC20111F080001DAA0 /* Build configuration list for PBXNativeTarget "SmartCameraML" */;
			buildPhases = (
				C732F0A620111F080001DAA0 /* Sources */,
				C732F0A720111F080001DAA0 /* Frameworks */,
				C732F0A820111F080001DAA0 /* Resources */,
				C7716248201137C6000C97C3 /* Embed Frameworks */,
			);
			buildRules = (
			);
			dependencies = (
			);
			name = SmartCameraML;
			productName = SmartCameraML;
			productReference = C732F0AA20111F080001DAA0 /* SmartCameraML.app */;
			productType = "com.apple.product-type.application";
		};
/* End PBXNativeTarget section */

/* Begin PBXProject section */
		C732F0A220111F080001DAA0 /* Project object */ = {
			isa = PBXProject;
			attributes = {
				LastSwiftUpdateCheck = 0920;
				LastUpgradeCheck = 0920;
				ORGANIZATIONNAME = "Geo Games";
				TargetAttributes = {
					C732F0A920111F080001DAA0 = {
						CreatedOnToolsVersion = 9.2;
						ProvisioningStyle = Automatic;
					};
				};
			};
			buildConfigurationList = C732F0A520111F080001DAA0 /* Build configuration list for PBXProject "SmartCameraML" */;
			compatibilityVersion = "Xcode 8.0";
			developmentRegion = en;
			hasScannedForEncodings = 0;
			knownRegions = (
				en,
				Base,
			);
			mainGroup = C732F0A120111F080001DAA0;
			productRefGroup = C732F0AB20111F080001DAA0 /* Products */;
			projectDirPath = "";
			projectRoot = "";
			targets = (
				C732F0A920111F080001DAA0 /* SmartCameraML */,
			);
		};
/* End PBXProject section */

/* Begin PBXResourcesBuildPhase section */
		C732F0A820111F080001DAA0 /* Resources */ = {
			isa = PBXResourcesBuildPhase;
			buildActionMask = 2147483647;
			files = (
				C732F0B820111F080001DAA0 /* LaunchScreen.storyboard in Resources */,
				C732F0B520111F080001DAA0 /* Assets.xcassets in Resources */,
				C732F0B320111F080001DAA0 /* Main.storyboard in Resources */,
			);
			runOnlyForDeploymentPostprocessing = 0;
		};
/* End PBXResourcesBuildPhase section */

/* Begin PBXSourcesBuildPhase section */
		C732F0A620111F080001DAA0 /* Sources */ = {
			isa = PBXSourcesBuildPhase;
			buildActionMask = 2147483647;
			files = (
				C732F0B020111F080001DAA0 /* SmartCameraViewController.swift in Sources */,
				C771624A20114265000C97C3 /* Resnet50.mlmodel in Sources */,
				C732F0AE20111F080001DAA0 /* AppDelegate.swift in Sources */,
			);
			runOnlyForDeploymentPostprocessing = 0;
		};
/* End PBXSourcesBuildPhase section */

/* Begin PBXVariantGroup section */
		C732F0B120111F080001DAA0 /* Main.storyboard */ = {
			isa = PBXVariantGroup;
			children = (
				C732F0B220111F080001DAA0 /* Base */,
			);
			name = Main.storyboard;
			sourceTree = "<group>";
		};
		C732F0B620111F080001DAA0 /* LaunchScreen.storyboard */ = {
			isa = PBXVariantGroup;
			children = (
				C732F0B720111F080001DAA0 /* Base */,
			);
			name = LaunchScreen.storyboard;
			sourceTree = "<group>";
		};
/* End PBXVariantGroup section */

/* Begin XCBuildConfiguration section */
		C732F0BA20111F080001DAA0 /* Debug */ = {
			isa = XCBuildConfiguration;
			buildSettings = {
				ALWAYS_SEARCH_USER_PATHS = NO;
				CLANG_ANALYZER_NONNULL = YES;
				CLANG_ANALYZER_NUMBER_OBJECT_CONVERSION = YES_AGGRESSIVE;
				CLANG_CXX_LANGUAGE_STANDARD = "gnu++14";
				CLANG_CXX_LIBRARY = "libc++";
				CLANG_ENABLE_MODULES = YES;
				CLANG_ENABLE_OBJC_ARC = YES;
				CLANG_WARN_BLOCK_CAPTURE_AUTORELEASING = YES;
				CLANG_WARN_BOOL_CONVERSION = YES;
				CLANG_WARN_COMMA = YES;
				CLANG_WARN_CONSTANT_CONVERSION = YES;
				CLANG_WARN_DIRECT_OBJC_ISA_USAGE = YES_ERROR;
				CLANG_WARN_DOCUMENTATION_COMMENTS = YES;
				CLANG_WARN_EMPTY_BODY = YES;
				CLANG_WARN_ENUM_CONVERSION = YES;
				CLANG_WARN_INFINITE_RECURSION = YES;
				CLANG_WARN_INT_CONVERSION = YES;
				CLANG_WARN_NON_LITERAL_NULL_CONVERSION = YES;
				CLANG_WARN_OBJC_LITERAL_CONVERSION = YES;
				CLANG_WARN_OBJC_ROOT_CLASS = YES_ERROR;
				CLANG_WARN_RANGE_LOOP_ANALYSIS = YES;
				CLANG_WARN_STRICT_PROTOTYPES = YES;
				CLANG_WARN_SUSPICIOUS_MOVE = YES;
				CLANG_WARN_UNGUARDED_AVAILABILITY = YES_AGGRESSIVE;
				CLANG_WARN_UNREACHABLE_CODE = YES;
				CLANG_WARN__DUPLICATE_METHOD_MATCH = YES;
				CODE_SIGN_IDENTITY = "iPhone Developer";
				COPY_PHASE_STRIP = NO;
				DEBUG_INFORMATION_FORMAT = dwarf;
				ENABLE_STRICT_OBJC_MSGSEND = YES;
				ENABLE_TESTABILITY = YES;
				GCC_C_LANGUAGE_STANDARD = gnu11;
				GCC_DYNAMIC_NO_PIC = NO;
				GCC_NO_COMMON_BLOCKS = YES;
				GCC_OPTIMIZATION_LEVEL = 0;
				GCC_PREPROCESSOR_DEFINITIONS = (
					"DEBUG=1",
					"$(inherited)",
				);
				GCC_WARN_64_TO_32_BIT_CONVERSION = YES;
				GCC_WARN_ABOUT_RETURN_TYPE = YES_ERROR;
				GCC_WARN_UNDECLARED_SELECTOR = YES;
				GCC_WARN_UNINITIALIZED_AUTOS = YES_AGGRESSIVE;
				GCC_WARN_UNUSED_FUNCTION = YES;
				GCC_WARN_UNUSED_VARIABLE = YES;
				IPHONEOS_DEPLOYMENT_TARGET = 11.2;
				MTL_ENABLE_DEBUG_INFO = YES;
				ONLY_ACTIVE_ARCH = YES;
				SDKROOT = iphoneos;
				SWIFT_ACTIVE_COMPILATION_CONDITIONS = DEBUG;
				SWIFT_OPTIMIZATION_LEVEL = "-Onone";
			};
			name = Debug;
		};
		C732F0BB20111F080001DAA0 /* Release */ = {
			isa = XCBuildConfiguration;
			buildSettings = {
				ALWAYS_SEARCH_USER_PATHS = NO;
				CLANG_ANALYZER_NONNULL = YES;
				CLANG_ANALYZER_NUMBER_OBJECT_CONVERSION = YES_AGGRESSIVE;
				CLANG_CXX_LANGUAGE_STANDARD = "gnu++14";
				CLANG_CXX_LIBRARY = "libc++";
				CLANG_ENABLE_MODULES = YES;
				CLANG_ENABLE_OBJC_ARC = YES;
				CLANG_WARN_BLOCK_CAPTURE_AUTORELEASING = YES;
				CLANG_WARN_BOOL_CONVERSION = YES;
				CLANG_WARN_COMMA = YES;
				CLANG_WARN_CONSTANT_CONVERSION = YES;
				CLANG_WARN_DIRECT_OBJC_ISA_USAGE = YES_ERROR;
				CLANG_WARN_DOCUMENTATION_COMMENTS = YES;
				CLANG_WARN_EMPTY_BODY = YES;
				CLANG_WARN_ENUM_CONVERSION = YES;
				CLANG_WARN_INFINITE_RECURSION = YES;
				CLANG_WARN_INT_CONVERSION = YES;
				CLANG_WARN_NON_LITERAL_NULL_CONVERSION = YES;
				CLANG_WARN_OBJC_LITERAL_CONVERSION = YES;
				CLANG_WARN_OBJC_ROOT_CLASS = YES_ERROR;
				CLANG_WARN_RANGE_LOOP_ANALYSIS = YES;
				CLANG_WARN_STRICT_PROTOTYPES = YES;
				CLANG_WARN_SUSPICIOUS_MOVE = YES;
				CLANG_WARN_UNGUARDED_AVAILABILITY = YES_AGGRESSIVE;
				CLANG_WARN_UNREACHABLE_CODE = YES;
				CLANG_WARN__DUPLICATE_METHOD_MATCH = YES;
				CODE_SIGN_IDENTITY = "iPhone Developer";
				COPY_PHASE_STRIP = NO;
				DEBUG_INFORMATION_FORMAT = "dwarf-with-dsym";
				ENABLE_NS_ASSERTIONS = NO;
				ENABLE_STRICT_OBJC_MSGSEND = YES;
				GCC_C_LANGUAGE_STANDARD = gnu11;
				GCC_NO_COMMON_BLOCKS = YES;
				GCC_WARN_64_TO_32_BIT_CONVERSION = YES;
				GCC_WARN_ABOUT_RETURN_TYPE = YES_ERROR;
				GCC_WARN_UNDECLARED_SELECTOR = YES;
				GCC_WARN_UNINITIALIZED_AUTOS = YES_AGGRESSIVE;
				GCC_WARN_UNUSED_FUNCTION = YES;
				GCC_WARN_UNUSED_VARIABLE = YES;
				IPHONEOS_DEPLOYMENT_TARGET = 11.2;
				MTL_ENABLE_DEBUG_INFO = NO;
				SDKROOT = iphoneos;
				SWIFT_OPTIMIZATION_LEVEL = "-Owholemodule";
				VALIDATE_PRODUCT = YES;
			};
			name = Release;
		};
		C732F0BD20111F080001DAA0 /* Debug */ = {
			isa = XCBuildConfiguration;
			buildSettings = {
				ASSETCATALOG_COMPILER_APPICON_NAME = AppIcon;
				CODE_SIGN_STYLE = Automatic;
				COREML_CODEGEN_LANGUAGE = Swift;
				DEVELOPMENT_TEAM = UZ49Z7W654;
				INFOPLIST_FILE = SmartCameraML/Info.plist;
				LD_RUNPATH_SEARCH_PATHS = "$(inherited) @executable_path/Frameworks";
				PRODUCT_BUNDLE_IDENTIFIER = "com.geo-games.SmartCameraML";
				PRODUCT_NAME = "$(TARGET_NAME)";
				SWIFT_VERSION = 4.0;
				TARGETED_DEVICE_FAMILY = "1,2";
			};
			name = Debug;
		};
		C732F0BE20111F080001DAA0 /* Release */ = {
			isa = XCBuildConfiguration;
			buildSettings = {
				ASSETCATALOG_COMPILER_APPICON_NAME = AppIcon;
				CODE_SIGN_STYLE = Automatic;
				COREML_CODEGEN_LANGUAGE = Swift;
				DEVELOPMENT_TEAM = UZ49Z7W654;
				INFOPLIST_FILE = SmartCameraML/Info.plist;
				LD_RUNPATH_SEARCH_PATHS = "$(inherited) @executable_path/Frameworks";
				PRODUCT_BUNDLE_IDENTIFIER = "com.geo-games.SmartCameraML";
				PRODUCT_NAME = "$(TARGET_NAME)";
				SWIFT_VERSION = 4.0;
				TARGETED_DEVICE_FAMILY = "1,2";
			};
			name = Release;
		};
/* End XCBuildConfiguration section */

/* Begin XCConfigurationList section */
		C732F0A520111F080001DAA0 /* Build configuration list for PBXProject "SmartCameraML" */ = {
			isa = XCConfigurationList;
			buildConfigurations = (
				C732F0BA20111F080001DAA0 /* Debug */,
				C732F0BB20111F080001DAA0 /* Release */,
			);
			defaultConfigurationIsVisible = 0;
			defaultConfigurationName = Release;
		};
		C732F0BC20111F080001DAA0 /* Build configuration list for PBXNativeTarget "SmartCameraML" */ = {
			isa = XCConfigurationList;
			buildConfigurations = (
				C732F0BD20111F080001DAA0 /* Debug */,
				C732F0BE20111F080001DAA0 /* Release */,
			);
			defaultConfigurationIsVisible = 0;
			defaultConfigurationName = Release;
		};
/* End XCConfigurationList section */
	};
	rootObject = C732F0A220111F080001DAA0 /* Project object */;
}
