// !$*UTF8*$!
{
	archiveVersion = 1;
	classes = {
	};
	objectVersion = 48;
	objects = {

/* Begin PBXBuildFile section */
		C794D66B20012D0E00A7BB19 /* AppDelegate.swift in Sources */ = {isa = PBXBuildFile; fileRef = C794D66A20012D0E00A7BB19 /* AppDelegate.swift */; };
		C794D66D20012D0E00A7BB19 /* HitListViewController.swift in Sources */ = {isa = PBXBuildFile; fileRef = C794D66C20012D0E00A7BB19 /* HitListViewController.swift */; };
		C794D67020012D0E00A7BB19 /* Main.storyboard in Resources */ = {isa = PBXBuildFile; fileRef = C794D66E20012D0E00A7BB19 /* Main.storyboard */; };
		C794D67220012D0E00A7BB19 /* Assets.xcassets in Resources */ = {isa = PBXBuildFile; fileRef = C794D67120012D0E00A7BB19 /* Assets.xcassets */; };
		C794D67520012D0E00A7BB19 /* LaunchScreen.storyboard in Resources */ = {isa = PBXBuildFile; fileRef = C794D67320012D0E00A7BB19 /* LaunchScreen.storyboard */; };
		C794D6832001400600A7BB19 /* Millionaire.mp3 in Resources */ = {isa = PBXBuildFile; fileRef = C794D67D2001400500A7BB19 /* Millionaire.mp3 */; };
		C794D6842001400600A7BB19 /* Mi Gente.mp3 in Resources */ = {isa = PBXBuildFile; fileRef = C794D67E2001400500A7BB19 /* Mi Gente.mp3 */; };
		C794D6852001400600A7BB19 /* Ordinary Love.mp3 in Resources */ = {isa = PBXBuildFile; fileRef = C794D67F2001400500A7BB19 /* Ordinary Love.mp3 */; };
		C794D6862001400600A7BB19 /* Unforgettable.mp3 in Resources */ = {isa = PBXBuildFile; fileRef = C794D6802001400500A7BB19 /* Unforgettable.mp3 */; };
		C794D6872001400600A7BB19 /* Feel It Still.mp3 in Resources */ = {isa = PBXBuildFile; fileRef = C794D6812001400500A7BB19 /* Feel It Still.mp3 */; };
		C794D6882001400600A7BB19 /* Sign Of The Times.mp3 in Resources */ = {isa = PBXBuildFile; fileRef = C794D6822001400500A7BB19 /* Sign Of The Times.mp3 */; };
		C794D68D200142BC00A7BB19 /* SongTableViewCell.swift in Sources */ = {isa = PBXBuildFile; fileRef = C794D68B200142BC00A7BB19 /* SongTableViewCell.swift */; };
		C794D68E200142BC00A7BB19 /* SongTableViewCell.xib in Resources */ = {isa = PBXBuildFile; fileRef = C794D68C200142BC00A7BB19 /* SongTableViewCell.xib */; };
		C794D6932001430D00A7BB19 /* Song.swift in Sources */ = {isa = PBXBuildFile; fileRef = C794D6922001430D00A7BB19 /* Song.swift */; };
		C794D69620016D3600A7BB19 /* MusicHitList.xcdatamodeld in Sources */ = {isa = PBXBuildFile; fileRef = C794D69420016D3600A7BB19 /* MusicHitList.xcdatamodeld */; };
		C794D69820017A3B00A7BB19 /* The Greatest.mp3 in Resources */ = {isa = PBXBuildFile; fileRef = C794D69720017A3B00A7BB19 /* The Greatest.mp3 */; };
/* End PBXBuildFile section */

/* Begin PBXFileReference section */
		C794D66720012D0E00A7BB19 /* MusicHitList.app */ = {isa = PBXFileReference; explicitFileType = wrapper.application; includeInIndex = 0; path = MusicHitList.app; sourceTree = BUILT_PRODUCTS_DIR; };
		C794D66A20012D0E00A7BB19 /* AppDelegate.swift */ = {isa = PBXFileReference; lastKnownFileType = sourcecode.swift; path = AppDelegate.swift; sourceTree = "<group>"; };
		C794D66C20012D0E00A7BB19 /* HitListViewController.swift */ = {isa = PBXFileReference; lastKnownFileType = sourcecode.swift; path = HitListViewController.swift; sourceTree = "<group>"; };
		C794D66F20012D0E00A7BB19 /* Base */ = {isa = PBXFileReference; lastKnownFileType = file.storyboard; name = Base; path = Base.lproj/Main.storyboard; sourceTree = "<group>"; };
		C794D67120012D0E00A7BB19 /* Assets.xcassets */ = {isa = PBXFileReference; lastKnownFileType = folder.assetcatalog; path = Assets.xcassets; sourceTree = "<group>"; };
		C794D67420012D0E00A7BB19 /* Base */ = {isa = PBXFileReference; lastKnownFileType = file.storyboard; name = Base; path = Base.lproj/LaunchScreen.storyboard; sourceTree = "<group>"; };
		C794D67620012D0E00A7BB19 /* Info.plist */ = {isa = PBXFileReference; lastKnownFileType = text.plist.xml; path = Info.plist; sourceTree = "<group>"; };
		C794D67D2001400500A7BB19 /* Millionaire.mp3 */ = {isa = PBXFileReference; lastKnownFileType = audio.mp3; path = Millionaire.mp3; sourceTree = "<group>"; };
		C794D67E2001400500A7BB19 /* Mi Gente.mp3 */ = {isa = PBXFileReference; lastKnownFileType = audio.mp3; path = "Mi Gente.mp3"; sourceTree = "<group>"; };
		C794D67F2001400500A7BB19 /* Ordinary Love.mp3 */ = {isa = PBXFileReference; lastKnownFileType = audio.mp3; path = "Ordinary Love.mp3"; sourceTree = "<group>"; };
		C794D6802001400500A7BB19 /* Unforgettable.mp3 */ = {isa = PBXFileReference; lastKnownFileType = audio.mp3; path = Unforgettable.mp3; sourceTree = "<group>"; };
		C794D6812001400500A7BB19 /* Feel It Still.mp3 */ = {isa = PBXFileReference; lastKnownFileType = audio.mp3; path = "Feel It Still.mp3"; sourceTree = "<group>"; };
		C794D6822001400500A7BB19 /* Sign Of The Times.mp3 */ = {isa = PBXFileReference; lastKnownFileType = audio.mp3; path = "Sign Of The Times.mp3"; sourceTree = "<group>"; };
		C794D68B200142BC00A7BB19 /* SongTableViewCell.swift */ = {isa = PBXFileReference; lastKnownFileType = sourcecode.swift; path = SongTableViewCell.swift; sourceTree = "<group>"; };
		C794D68C200142BC00A7BB19 /* SongTableViewCell.xib */ = {isa = PBXFileReference; lastKnownFileType = file.xib; path = SongTableViewCell.xib; sourceTree = "<group>"; };
		C794D6922001430D00A7BB19 /* Song.swift */ = {isa = PBXFileReference; lastKnownFileType = sourcecode.swift; path = Song.swift; sourceTree = "<group>"; };
		C794D69520016D3600A7BB19 /* MusicHitList.xcdatamodel */ = {isa = PBXFileReference; lastKnownFileType = wrapper.xcdatamodel; path = MusicHitList.xcdatamodel; sourceTree = "<group>"; };
		C794D69720017A3B00A7BB19 /* The Greatest.mp3 */ = {isa = PBXFileReference; lastKnownFileType = audio.mp3; path = "The Greatest.mp3"; sourceTree = "<group>"; };
/* End PBXFileReference section */

/* Begin PBXFrameworksBuildPhase section */
		C794D66420012D0E00A7BB19 /* Frameworks */ = {
			isa = PBXFrameworksBuildPhase;
			buildActionMask = 2147483647;
			files = (
			);
			runOnlyForDeploymentPostprocessing = 0;
		};
/* End PBXFrameworksBuildPhase section */

/* Begin PBXGroup section */
		C794D65E20012D0E00A7BB19 = {
			isa = PBXGroup;
			children = (
				C794D66920012D0E00A7BB19 /* MusicHitList */,
				C794D66820012D0E00A7BB19 /* Products */,
			);
			sourceTree = "<group>";
		};
		C794D66820012D0E00A7BB19 /* Products */ = {
			isa = PBXGroup;
			children = (
				C794D66720012D0E00A7BB19 /* MusicHitList.app */,
			);
			name = Products;
			sourceTree = "<group>";
		};
		C794D66920012D0E00A7BB19 /* MusicHitList */ = {
			isa = PBXGroup;
			children = (
				C794D691200142D200A7BB19 /* Views */,
				C794D690200142CB00A7BB19 /* Models */,
				C794D68F200142C200A7BB19 /* Controllers */,
				C794D67C2001400500A7BB19 /* Songs */,
				C794D67620012D0E00A7BB19 /* Info.plist */,
				C794D69420016D3600A7BB19 /* MusicHitList.xcdatamodeld */,
			);
			path = MusicHitList;
			sourceTree = "<group>";
		};
		C794D67C2001400500A7BB19 /* Songs */ = {
			isa = PBXGroup;
			children = (
				C794D69720017A3B00A7BB19 /* The Greatest.mp3 */,
				C794D67D2001400500A7BB19 /* Millionaire.mp3 */,
				C794D67E2001400500A7BB19 /* Mi Gente.mp3 */,
				C794D67F2001400500A7BB19 /* Ordinary Love.mp3 */,
				C794D6802001400500A7BB19 /* Unforgettable.mp3 */,
				C794D6812001400500A7BB19 /* Feel It Still.mp3 */,
				C794D6822001400500A7BB19 /* Sign Of The Times.mp3 */,
			);
			path = Songs;
			sourceTree = "<group>";
		};
		C794D68F200142C200A7BB19 /* Controllers */ = {
			isa = PBXGroup;
			children = (
				C794D66C20012D0E00A7BB19 /* HitListViewController.swift */,
				C794D66A20012D0E00A7BB19 /* AppDelegate.swift */,
			);
			path = Controllers;
			sourceTree = "<group>";
		};
		C794D690200142CB00A7BB19 /* Models */ = {
			isa = PBXGroup;
			children = (
				C794D6922001430D00A7BB19 /* Song.swift */,
			);
			path = Models;
			sourceTree = "<group>";
		};
		C794D691200142D200A7BB19 /* Views */ = {
			isa = PBXGroup;
			children = (
				C794D67120012D0E00A7BB19 /* Assets.xcassets */,
				C794D66E20012D0E00A7BB19 /* Main.storyboard */,
				C794D67320012D0E00A7BB19 /* LaunchScreen.storyboard */,
				C794D68B200142BC00A7BB19 /* SongTableViewCell.swift */,
				C794D68C200142BC00A7BB19 /* SongTableViewCell.xib */,
			);
			path = Views;
			sourceTree = "<group>";
		};
/* End PBXGroup section */

/* Begin PBXNativeTarget section */
		C794D66620012D0E00A7BB19 /* MusicHitList */ = {
			isa = PBXNativeTarget;
			buildConfigurationList = C794D67920012D0E00A7BB19 /* Build configuration list for PBXNativeTarget "MusicHitList" */;
			buildPhases = (
				C794D66320012D0E00A7BB19 /* Sources */,
				C794D66420012D0E00A7BB19 /* Frameworks */,
				C794D66520012D0E00A7BB19 /* Resources */,
			);
			buildRules = (
			);
			dependencies = (
			);
			name = MusicHitList;
			productName = MusicHitList;
			productReference = C794D66720012D0E00A7BB19 /* MusicHitList.app */;
			productType = "com.apple.product-type.application";
		};
/* End PBXNativeTarget section */

/* Begin PBXProject section */
		C794D65F20012D0E00A7BB19 /* Project object */ = {
			isa = PBXProject;
			attributes = {
				LastSwiftUpdateCheck = 0920;
				LastUpgradeCheck = 0920;
				ORGANIZATIONNAME = "Geo Games";
				TargetAttributes = {
					C794D66620012D0E00A7BB19 = {
						CreatedOnToolsVersion = 9.2;
						ProvisioningStyle = Automatic;
					};
				};
			};
			buildConfigurationList = C794D66220012D0E00A7BB19 /* Build configuration list for PBXProject "MusicHitList" */;
			compatibilityVersion = "Xcode 8.0";
			developmentRegion = en;
			hasScannedForEncodings = 0;
			knownRegions = (
				en,
				Base,
			);
			mainGroup = C794D65E20012D0E00A7BB19;
			productRefGroup = C794D66820012D0E00A7BB19 /* Products */;
			projectDirPath = "";
			projectRoot = "";
			targets = (
				C794D66620012D0E00A7BB19 /* MusicHitList */,
			);
		};
/* End PBXProject section */

/* Begin PBXResourcesBuildPhase section */
		C794D66520012D0E00A7BB19 /* Resources */ = {
			isa = PBXResourcesBuildPhase;
			buildActionMask = 2147483647;
			files = (
				C794D68E200142BC00A7BB19 /* SongTableViewCell.xib in Resources */,
				C794D6852001400600A7BB19 /* Ordinary Love.mp3 in Resources */,
				C794D67520012D0E00A7BB19 /* LaunchScreen.storyboard in Resources */,
				C794D67220012D0E00A7BB19 /* Assets.xcassets in Resources */,
				C794D6832001400600A7BB19 /* Millionaire.mp3 in Resources */,
				C794D69820017A3B00A7BB19 /* The Greatest.mp3 in Resources */,
				C794D6882001400600A7BB19 /* Sign Of The Times.mp3 in Resources */,
				C794D6842001400600A7BB19 /* Mi Gente.mp3 in Resources */,
				C794D67020012D0E00A7BB19 /* Main.storyboard in Resources */,
				C794D6862001400600A7BB19 /* Unforgettable.mp3 in Resources */,
				C794D6872001400600A7BB19 /* Feel It Still.mp3 in Resources */,
			);
			runOnlyForDeploymentPostprocessing = 0;
		};
/* End PBXResourcesBuildPhase section */

/* Begin PBXSourcesBuildPhase section */
		C794D66320012D0E00A7BB19 /* Sources */ = {
			isa = PBXSourcesBuildPhase;
			buildActionMask = 2147483647;
			files = (
				C794D6932001430D00A7BB19 /* Song.swift in Sources */,
				C794D69620016D3600A7BB19 /* MusicHitList.xcdatamodeld in Sources */,
				C794D68D200142BC00A7BB19 /* SongTableViewCell.swift in Sources */,
				C794D66D20012D0E00A7BB19 /* HitListViewController.swift in Sources */,
				C794D66B20012D0E00A7BB19 /* AppDelegate.swift in Sources */,
			);
			runOnlyForDeploymentPostprocessing = 0;
		};
/* End PBXSourcesBuildPhase section */

/* Begin PBXVariantGroup section */
		C794D66E20012D0E00A7BB19 /* Main.storyboard */ = {
			isa = PBXVariantGroup;
			children = (
				C794D66F20012D0E00A7BB19 /* Base */,
			);
			name = Main.storyboard;
			sourceTree = "<group>";
		};
		C794D67320012D0E00A7BB19 /* LaunchScreen.storyboard */ = {
			isa = PBXVariantGroup;
			children = (
				C794D67420012D0E00A7BB19 /* Base */,
			);
			name = LaunchScreen.storyboard;
			sourceTree = "<group>";
		};
/* End PBXVariantGroup section */

/* Begin XCBuildConfiguration section */
		C794D67720012D0E00A7BB19 /* Debug */ = {
			isa = XCBuildConfiguration;
			buildSettings = {
				ALWAYS_SEARCH_USER_PATHS = NO;
				CLANG_ANALYZER_NONNULL = YES;
				CLANG_ANALYZER_NUMBER_OBJECT_CONVERSION = YES_AGGRESSIVE;
				CLANG_CXX_LANGUAGE_STANDARD = "gnu++14";
				CLANG_CXX_LIBRARY = "libc++";
				CLANG_ENABLE_MODULES = YES;
				CLANG_ENABLE_OBJC_ARC = YES;
				CLANG_WARN_BLOCK_CAPTURE_AUTORELEASING = YES;
				CLANG_WARN_BOOL_CONVERSION = YES;
				CLANG_WARN_COMMA = YES;
				CLANG_WARN_CONSTANT_CONVERSION = YES;
				CLANG_WARN_DIRECT_OBJC_ISA_USAGE = YES_ERROR;
				CLANG_WARN_DOCUMENTATION_COMMENTS = YES;
				CLANG_WARN_EMPTY_BODY = YES;
				CLANG_WARN_ENUM_CONVERSION = YES;
				CLANG_WARN_INFINITE_RECURSION = YES;
				CLANG_WARN_INT_CONVERSION = YES;
				CLANG_WARN_NON_LITERAL_NULL_CONVERSION = YES;
				CLANG_WARN_OBJC_LITERAL_CONVERSION = YES;
				CLANG_WARN_OBJC_ROOT_CLASS = YES_ERROR;
				CLANG_WARN_RANGE_LOOP_ANALYSIS = YES;
				CLANG_WARN_STRICT_PROTOTYPES = YES;
				CLANG_WARN_SUSPICIOUS_MOVE = YES;
				CLANG_WARN_UNGUARDED_AVAILABILITY = YES_AGGRESSIVE;
				CLANG_WARN_UNREACHABLE_CODE = YES;
				CLANG_WARN__DUPLICATE_METHOD_MATCH = YES;
				CODE_SIGN_IDENTITY = "iPhone Developer";
				COPY_PHASE_STRIP = NO;
				DEBUG_INFORMATION_FORMAT = dwarf;
				ENABLE_STRICT_OBJC_MSGSEND = YES;
				ENABLE_TESTABILITY = YES;
				GCC_C_LANGUAGE_STANDARD = gnu11;
				GCC_DYNAMIC_NO_PIC = NO;
				GCC_NO_COMMON_BLOCKS = YES;
				GCC_OPTIMIZATION_LEVEL = 0;
				GCC_PREPROCESSOR_DEFINITIONS = (
					"DEBUG=1",
					"$(inherited)",
				);
				GCC_WARN_64_TO_32_BIT_CONVERSION = YES;
				GCC_WARN_ABOUT_RETURN_TYPE = YES_ERROR;
				GCC_WARN_UNDECLARED_SELECTOR = YES;
				GCC_WARN_UNINITIALIZED_AUTOS = YES_AGGRESSIVE;
				GCC_WARN_UNUSED_FUNCTION = YES;
				GCC_WARN_UNUSED_VARIABLE = YES;
				IPHONEOS_DEPLOYMENT_TARGET = 11.2;
				MTL_ENABLE_DEBUG_INFO = YES;
				ONLY_ACTIVE_ARCH = YES;
				SDKROOT = iphoneos;
				SWIFT_ACTIVE_COMPILATION_CONDITIONS = DEBUG;
				SWIFT_OPTIMIZATION_LEVEL = "-Onone";
			};
			name = Debug;
		};
		C794D67820012D0E00A7BB19 /* Release */ = {
			isa = XCBuildConfiguration;
			buildSettings = {
				ALWAYS_SEARCH_USER_PATHS = NO;
				CLANG_ANALYZER_NONNULL = YES;
				CLANG_ANALYZER_NUMBER_OBJECT_CONVERSION = YES_AGGRESSIVE;
				CLANG_CXX_LANGUAGE_STANDARD = "gnu++14";
				CLANG_CXX_LIBRARY = "libc++";
				CLANG_ENABLE_MODULES = YES;
				CLANG_ENABLE_OBJC_ARC = YES;
				CLANG_WARN_BLOCK_CAPTURE_AUTORELEASING = YES;
				CLANG_WARN_BOOL_CONVERSION = YES;
				CLANG_WARN_COMMA = YES;
				CLANG_WARN_CONSTANT_CONVERSION = YES;
				CLANG_WARN_DIRECT_OBJC_ISA_USAGE = YES_ERROR;
				CLANG_WARN_DOCUMENTATION_COMMENTS = YES;
				CLANG_WARN_EMPTY_BODY = YES;
				CLANG_WARN_ENUM_CONVERSION = YES;
				CLANG_WARN_INFINITE_RECURSION = YES;
				CLANG_WARN_INT_CONVERSION = YES;
				CLANG_WARN_NON_LITERAL_NULL_CONVERSION = YES;
				CLANG_WARN_OBJC_LITERAL_CONVERSION = YES;
				CLANG_WARN_OBJC_ROOT_CLASS = YES_ERROR;
				CLANG_WARN_RANGE_LOOP_ANALYSIS = YES;
				CLANG_WARN_STRICT_PROTOTYPES = YES;
				CLANG_WARN_SUSPICIOUS_MOVE = YES;
				CLANG_WARN_UNGUARDED_AVAILABILITY = YES_AGGRESSIVE;
				CLANG_WARN_UNREACHABLE_CODE = YES;
				CLANG_WARN__DUPLICATE_METHOD_MATCH = YES;
				CODE_SIGN_IDENTITY = "iPhone Developer";
				COPY_PHASE_STRIP = NO;
				DEBUG_INFORMATION_FORMAT = "dwarf-with-dsym";
				ENABLE_NS_ASSERTIONS = NO;
				ENABLE_STRICT_OBJC_MSGSEND = YES;
				GCC_C_LANGUAGE_STANDARD = gnu11;
				GCC_NO_COMMON_BLOCKS = YES;
				GCC_WARN_64_TO_32_BIT_CONVERSION = YES;
				GCC_WARN_ABOUT_RETURN_TYPE = YES_ERROR;
				GCC_WARN_UNDECLARED_SELECTOR = YES;
				GCC_WARN_UNINITIALIZED_AUTOS = YES_AGGRESSIVE;
				GCC_WARN_UNUSED_FUNCTION = YES;
				GCC_WARN_UNUSED_VARIABLE = YES;
				IPHONEOS_DEPLOYMENT_TARGET = 11.2;
				MTL_ENABLE_DEBUG_INFO = NO;
				SDKROOT = iphoneos;
				SWIFT_OPTIMIZATION_LEVEL = "-Owholemodule";
				VALIDATE_PRODUCT = YES;
			};
			name = Release;
		};
		C794D67A20012D0E00A7BB19 /* Debug */ = {
			isa = XCBuildConfiguration;
			buildSettings = {
				ASSETCATALOG_COMPILER_APPICON_NAME = AppIcon;
				CODE_SIGN_STYLE = Automatic;
				DEVELOPMENT_TEAM = "";
				INFOPLIST_FILE = MusicHitList/Info.plist;
				IPHONEOS_DEPLOYMENT_TARGET = 12.1;
				LD_RUNPATH_SEARCH_PATHS = "$(inherited) @executable_path/Frameworks";
				PRODUCT_BUNDLE_IDENTIFIER = "com.geo-games.MusicHitList";
				PRODUCT_NAME = "$(TARGET_NAME)";
				SWIFT_VERSION = 4.0;
				TARGETED_DEVICE_FAMILY = 1;
			};
			name = Debug;
		};
		C794D67B20012D0E00A7BB19 /* Release */ = {
			isa = XCBuildConfiguration;
			buildSettings = {
				ASSETCATALOG_COMPILER_APPICON_NAME = AppIcon;
				CODE_SIGN_STYLE = Automatic;
				DEVELOPMENT_TEAM = "";
				INFOPLIST_FILE = MusicHitList/Info.plist;
				IPHONEOS_DEPLOYMENT_TARGET = 12.1;
				LD_RUNPATH_SEARCH_PATHS = "$(inherited) @executable_path/Frameworks";
				PRODUCT_BUNDLE_IDENTIFIER = "com.geo-games.MusicHitList";
				PRODUCT_NAME = "$(TARGET_NAME)";
				SWIFT_VERSION = 4.0;
				TARGETED_DEVICE_FAMILY = 1;
			};
			name = Release;
		};
/* End XCBuildConfiguration section */

/* Begin XCConfigurationList section */
		C794D66220012D0E00A7BB19 /* Build configuration list for PBXProject "MusicHitList" */ = {
			isa = XCConfigurationList;
			buildConfigurations = (
				C794D67720012D0E00A7BB19 /* Debug */,
				C794D67820012D0E00A7BB19 /* Release */,
			);
			defaultConfigurationIsVisible = 0;
			defaultConfigurationName = Release;
		};
		C794D67920012D0E00A7BB19 /* Build configuration list for PBXNativeTarget "MusicHitList" */ = {
			isa = XCConfigurationList;
			buildConfigurations = (
				C794D67A20012D0E00A7BB19 /* Debug */,
				C794D67B20012D0E00A7BB19 /* Release */,
			);
			defaultConfigurationIsVisible = 0;
			defaultConfigurationName = Release;
		};
/* End XCConfigurationList section */

/* Begin XCVersionGroup section */
		C794D69420016D3600A7BB19 /* MusicHitList.xcdatamodeld */ = {
			isa = XCVersionGroup;
			children = (
				C794D69520016D3600A7BB19 /* MusicHitList.xcdatamodel */,
			);
			currentVersion = C794D69520016D3600A7BB19 /* MusicHitList.xcdatamodel */;
			path = MusicHitList.xcdatamodeld;
			sourceTree = "<group>";
			versionGroupType = wrapper.xcdatamodel;
		};
/* End XCVersionGroup section */
	};
	rootObject = C794D65F20012D0E00A7BB19 /* Project object */;
}
